
Microsoft Visual Studio Solution File, Format Version 12.00
# Visual Studio 15
VisualStudioVersion = 15.0.27004.2002
MinimumVisualStudioVersion = 10.0.40219.1
Project("{9A19103F-16F7-4668-BE54-9A1E7A4F7556}") = "Symcol.Server", "Symcol.Server\Symcol.Server.csproj", "{FBDB7628-34B6-4EEF-A7CF-95E307EF0A64}"
EndProject
Project("{9A19103F-16F7-4668-BE54-9A1E7A4F7556}") = "Symcol.Server.Desktop", "Symcol.Server.Desktop\Symcol.Server.Desktop.csproj", "{E869B5D2-AE5F-4020-A7FC-81AD3643609E}"
EndProject
Project("{9A19103F-16F7-4668-BE54-9A1E7A4F7556}") = "Symcol.Server.Mod.osu", "Symcol.Server.Mod.osu\Symcol.Server.Mod.osu.csproj", "{E07F72AD-C99C-4A6D-8A20-45B54A04A569}"
EndProject
Project("{2150E333-8FDC-42A3-9474-1A3956D46DE8}") = "osu-symcol", "osu-symcol", "{2E8F8089-1BA2-4BBD-9FBE-0CBE82FC5FBA}"
EndProject
Project("{9A19103F-16F7-4668-BE54-9A1E7A4F7556}") = "osu.Game", "osu-symcol\osu.Game\osu.Game.csproj", "{2A66DD92-ADB1-4994-89E2-C94E04ACDA0D}"
EndProject
Project("{9A19103F-16F7-4668-BE54-9A1E7A4F7556}") = "osu.Game.Resources", "osu-symcol\osu-resources\osu.Game.Resources\osu.Game.Resources.csproj", "{D9A367C9-4C1A-489F-9B05-A0CEA2B53B58}"
EndProject
Project("{9A19103F-16F7-4668-BE54-9A1E7A4F7556}") = "osu.Game.Rulesets.Osu", "osu-symcol\osu.Game.Rulesets.Osu\osu.Game.Rulesets.Osu.csproj", "{C92A607B-1FDD-4954-9F92-03FF547D9080}"
EndProject
Project("{9A19103F-16F7-4668-BE54-9A1E7A4F7556}") = "osu.Game.Rulesets.Catch", "osu-symcol\osu.Game.Rulesets.Catch\osu.Game.Rulesets.Catch.csproj", "{58F6C80C-1253-4A0E-A465-B8C85EBEADF3}"
EndProject
Project("{9A19103F-16F7-4668-BE54-9A1E7A4F7556}") = "osu.Game.Rulesets.Taiko", "osu-symcol\osu.Game.Rulesets.Taiko\osu.Game.Rulesets.Taiko.csproj", "{F167E17A-7DE6-4AF5-B920-A5112296C695}"
EndProject
Project("{9A19103F-16F7-4668-BE54-9A1E7A4F7556}") = "osu.Game.Rulesets.Mania", "osu-symcol\osu.Game.Rulesets.Mania\osu.Game.Rulesets.Mania.csproj", "{48F4582B-7687-4621-9CBE-5C24197CB536}"
EndProject
Project("{9A19103F-16F7-4668-BE54-9A1E7A4F7556}") = "osu.Game.Tests", "osu-symcol\osu.Game.Tests\osu.Game.Tests.csproj", "{54377672-20B1-40AF-8087-5CF73BF3953A}"
EndProject
Project("{9A19103F-16F7-4668-BE54-9A1E7A4F7556}") = "osu.Desktop", "osu-symcol\osu.Desktop\osu.Desktop.csproj", "{419659FD-72EA-4678-9EB8-B22A746CED70}"
EndProject
Project("{9A19103F-16F7-4668-BE54-9A1E7A4F7556}") = "osu.Game.Rulesets.Catch.Tests", "osu-symcol\osu.Game.Rulesets.Catch.Tests\osu.Game.Rulesets.Catch.Tests.csproj", "{3AD63355-D6B1-4365-8D31-5652C989BEF1}"
EndProject
Project("{9A19103F-16F7-4668-BE54-9A1E7A4F7556}") = "osu.Game.Rulesets.Mania.Tests", "osu-symcol\osu.Game.Rulesets.Mania.Tests\osu.Game.Rulesets.Mania.Tests.csproj", "{7E9E9C34-B204-406B-82E2-E01E900699CD}"
EndProject
Project("{9A19103F-16F7-4668-BE54-9A1E7A4F7556}") = "osu.Game.Rulesets.Taiko.Tests", "osu-symcol\osu.Game.Rulesets.Taiko.Tests\osu.Game.Rulesets.Taiko.Tests.csproj", "{B698561F-FB28-46B1-857E-3CA7B92F9D70}"
EndProject
Project("{9A19103F-16F7-4668-BE54-9A1E7A4F7556}") = "osu.Game.Rulesets.Osu.Tests", "osu-symcol\osu.Game.Rulesets.Osu.Tests\osu.Game.Rulesets.Osu.Tests.csproj", "{6A2D5D58-0261-4A75-BE84-2BE8B076B7C2}"
EndProject
Project("{9A19103F-16F7-4668-BE54-9A1E7A4F7556}") = "osu.Game.Rulesets.Vitaru", "osu-symcol\osu.Game.Rulesets.Vitaru\osu.Game.Rulesets.Vitaru.csproj", "{9CF24E82-8B5C-46FF-95C6-22A58081AE2B}"
EndProject
Project("{2150E333-8FDC-42A3-9474-1A3956D46DE8}") = "osu-framework", "osu-framework", "{69FC0F0C-8860-4452-82F0-718FF9781EB1}"
EndProject
Project("{9A19103F-16F7-4668-BE54-9A1E7A4F7556}") = "osu.Framework", "osu-symcol\osu-framework\osu.Framework\osu.Framework.csproj", "{814BD1FC-B7A3-4707-A4A6-2FC17E05D53E}"
EndProject
Project("{2150E333-8FDC-42A3-9474-1A3956D46DE8}") = "Symcol", "Symcol", "{E507C08A-AA0D-4E33-9332-39685CB8BAA8}"
EndProject
Project("{9A19103F-16F7-4668-BE54-9A1E7A4F7556}") = "Symcol.osu.Core", "osu-symcol\Symcol\Symcol.osu.Core\Symcol.osu.Core.csproj", "{C8613068-D6BF-4DD6-BB0B-53844CDCA4AB}"
EndProject
Project("{9A19103F-16F7-4668-BE54-9A1E7A4F7556}") = "Symcol.Rulesets.Core", "osu-symcol\Symcol\Symcol.Rulesets.Core\Symcol.Rulesets.Core.csproj", "{99EACE00-0F5D-463E-9252-48907A5A8CC0}"
EndProject
Project("{9A19103F-16F7-4668-BE54-9A1E7A4F7556}") = "Symcol.Core", "osu-symcol\Symcol\Symcol.Core\Symcol.Core.csproj", "{259965F8-33FC-4C91-8851-546F18602766}"
EndProject
Project("{9A19103F-16F7-4668-BE54-9A1E7A4F7556}") = "osu.Game.Rulesets.Shape", "osu-symcol\osu.Game.Rulesets.Shape\osu.Game.Rulesets.Shape.csproj", "{EC03AC85-A848-4775-8634-BA65569C26A2}"
EndProject
Project("{9A19103F-16F7-4668-BE54-9A1E7A4F7556}") = "osu.Game.Rulesets.Mix", "osu-symcol\osu.Game.Rulesets.Mix\osu.Game.Rulesets.Mix.csproj", "{49FD5644-F1A6-4D98-9060-2F2609FD2DE8}"
EndProject
Project("{9A19103F-16F7-4668-BE54-9A1E7A4F7556}") = "osu.Game.Rulesets.Classic", "osu-symcol\osu.Game.Rulesets.Classic\osu.Game.Rulesets.Classic.csproj", "{0D2E14F9-49F5-4AF2-8E48-42F1884C182D}"
EndProject
Project("{9A19103F-16F7-4668-BE54-9A1E7A4F7556}") = "Symcol.osu.Mods.MapMixer", "osu-symcol\Symcol\Symcol.osu.Mods.MapMixer\Symcol.osu.Mods.MapMixer.csproj", "{F0A41447-2932-492E-A079-61475EA99A17}"
EndProject
Project("{9A19103F-16F7-4668-BE54-9A1E7A4F7556}") = "Symcol.osu.Mods.Evast", "osu-symcol\Symcol\Symcol.osu.Mods.Evast\Symcol.osu.Mods.Evast.csproj", "{C81B33BF-C9AE-476A-9275-BE3962D55E69}"
EndProject
Project("{9A19103F-16F7-4668-BE54-9A1E7A4F7556}") = "Symcol.osu.Mods.Caster", "osu-symcol\Symcol\Symcol.osu.Mods.Caster\Symcol.osu.Mods.Caster.csproj", "{2DF027A9-1B44-4CA7-BDBB-05021AA44832}"
EndProject
Project("{9A19103F-16F7-4668-BE54-9A1E7A4F7556}") = "osu.Framework.Tests", "osu-symcol\osu-framework\osu.Framework.Tests\osu.Framework.Tests.csproj", "{50304705-D6C1-4753-9EEA-758EEA547B3D}"
EndProject
Project("{9A19103F-16F7-4668-BE54-9A1E7A4F7556}") = "Symcol.osu.Mods.Multi", "osu-symcol\Symcol\Symcol.osu.Mods.Multi\Symcol.osu.Mods.Multi.csproj", "{8CC6C49C-9E55-45E4-AE56-11AFA347E9A1}"
EndProject
Project("{9A19103F-16F7-4668-BE54-9A1E7A4F7556}") = "Symcol.NeuralNetworking", "osu-symcol\Symcol\Symcol.NeuralNetworking\Symcol.NeuralNetworking.csproj", "{43BF0A83-DC30-4F64-91C3-9C2507F57489}"
EndProject
Project("{9A19103F-16F7-4668-BE54-9A1E7A4F7556}") = "Symcol.Networking", "osu-symcol\Symcol\Symcol.Networking\Symcol.Networking.csproj", "{9CDB49D2-FCB9-45D3-8E5C-405EB5173071}"
EndProject
Project("{2150E333-8FDC-42A3-9474-1A3956D46DE8}") = "osu", "osu", "{497BBA56-BC1D-44AD-A916-0C9B972E516C}"
EndProject
Project("{9A19103F-16F7-4668-BE54-9A1E7A4F7556}") = "osu.Game", "osu\osu.Game\osu.Game.csproj", "{65A3A9DE-C681-4654-80D5-EE467304CFCC}"
EndProject
Project("{9A19103F-16F7-4668-BE54-9A1E7A4F7556}") = "osu.Game.Resources", "osu\osu-resources\osu.Game.Resources\osu.Game.Resources.csproj", "{E06792C2-F912-4B25-BB59-486265518FE0}"
EndProject
Project("{9A19103F-16F7-4668-BE54-9A1E7A4F7556}") = "osu.Game.Rulesets.Osu", "osu\osu.Game.Rulesets.Osu\osu.Game.Rulesets.Osu.csproj", "{374EE100-FA4E-483B-B304-BB27C20BE873}"
EndProject
Project("{9A19103F-16F7-4668-BE54-9A1E7A4F7556}") = "osu.Game.Rulesets.Catch", "osu\osu.Game.Rulesets.Catch\osu.Game.Rulesets.Catch.csproj", "{948C629A-71FB-4067-B7D6-538039B996B3}"
EndProject
Project("{9A19103F-16F7-4668-BE54-9A1E7A4F7556}") = "osu.Game.Rulesets.Taiko", "osu\osu.Game.Rulesets.Taiko\osu.Game.Rulesets.Taiko.csproj", "{570B5E37-93D5-4B3A-BA6F-8A9AB323E141}"
EndProject
Project("{9A19103F-16F7-4668-BE54-9A1E7A4F7556}") = "osu.Game.Rulesets.Mania", "osu\osu.Game.Rulesets.Mania\osu.Game.Rulesets.Mania.csproj", "{3E856CC1-F79A-45C7-8409-1A3C071749EB}"
EndProject
Project("{9A19103F-16F7-4668-BE54-9A1E7A4F7556}") = "osu.Game.Tests", "osu\osu.Game.Tests\osu.Game.Tests.csproj", "{522B19CA-0DCB-48E9-820E-1A471BC99EFD}"
EndProject
Project("{9A19103F-16F7-4668-BE54-9A1E7A4F7556}") = "osu.Desktop", "osu\osu.Desktop\osu.Desktop.csproj", "{0AB49DB3-1F2A-494A-90DA-FD41EA98D008}"
EndProject
Project("{9A19103F-16F7-4668-BE54-9A1E7A4F7556}") = "osu.Game.Rulesets.Catch.Tests", "osu\osu.Game.Rulesets.Catch.Tests\osu.Game.Rulesets.Catch.Tests.csproj", "{BB454297-16F9-44FA-95C0-FC30772C5729}"
EndProject
Project("{9A19103F-16F7-4668-BE54-9A1E7A4F7556}") = "osu.Game.Rulesets.Mania.Tests", "osu\osu.Game.Rulesets.Mania.Tests\osu.Game.Rulesets.Mania.Tests.csproj", "{041C6864-2957-4EC7-BB1D-99CF706E45CB}"
EndProject
Project("{9A19103F-16F7-4668-BE54-9A1E7A4F7556}") = "osu.Game.Rulesets.Taiko.Tests", "osu\osu.Game.Rulesets.Taiko.Tests\osu.Game.Rulesets.Taiko.Tests.csproj", "{851AA7D7-01F6-4019-8039-E0439CAC4D61}"
EndProject
Project("{9A19103F-16F7-4668-BE54-9A1E7A4F7556}") = "osu.Game.Rulesets.Osu.Tests", "osu\osu.Game.Rulesets.Osu.Tests\osu.Game.Rulesets.Osu.Tests.csproj", "{7F309E88-8B00-438C-934C-5895F9670AA0}"
EndProject
Project("{9A19103F-16F7-4668-BE54-9A1E7A4F7556}") = "osu.Game.Rulesets.Vitaru", "osu\osu.Game.Rulesets.Vitaru\osu.Game.Rulesets.Vitaru.csproj", "{034319FA-34EE-44E5-9782-847E09AAD9A2}"
EndProject
Project("{2150E333-8FDC-42A3-9474-1A3956D46DE8}") = "osu-framework", "osu-framework", "{C062CA38-05DE-407B-9E3A-25CE9BB2D676}"
EndProject
Project("{9A19103F-16F7-4668-BE54-9A1E7A4F7556}") = "osu.Framework", "osu\osu-framework\osu.Framework\osu.Framework.csproj", "{6023C2AC-1C0A-4903-8709-4B80F8102D73}"
EndProject
Project("{2150E333-8FDC-42A3-9474-1A3956D46DE8}") = "Symcol", "Symcol", "{40260E58-51E3-441E-92C0-37E9B86DDE07}"
EndProject
Project("{9A19103F-16F7-4668-BE54-9A1E7A4F7556}") = "Symcol.osu.Core", "osu\Symcol\Symcol.osu.Core\Symcol.osu.Core.csproj", "{4019DBEA-CE0B-49A2-9E3B-771E7BB7293F}"
EndProject
Project("{9A19103F-16F7-4668-BE54-9A1E7A4F7556}") = "Symcol.Rulesets.Core", "osu\Symcol\Symcol.Rulesets.Core\Symcol.Rulesets.Core.csproj", "{35883C53-8D8D-4635-B91E-C3901D11AB83}"
EndProject
Project("{9A19103F-16F7-4668-BE54-9A1E7A4F7556}") = "Symcol.Core", "osu\Symcol\Symcol.Core\Symcol.Core.csproj", "{7BC920C7-B3D1-41EB-ABA2-6AA09ACE23DE}"
EndProject
Project("{9A19103F-16F7-4668-BE54-9A1E7A4F7556}") = "osu.Game.Rulesets.Shape", "osu\osu.Game.Rulesets.Shape\osu.Game.Rulesets.Shape.csproj", "{82B5DB92-9799-499F-B48D-29B8B7DA95BB}"
EndProject
Project("{9A19103F-16F7-4668-BE54-9A1E7A4F7556}") = "osu.Game.Rulesets.Mix", "osu\osu.Game.Rulesets.Mix\osu.Game.Rulesets.Mix.csproj", "{01389A5F-77E7-4935-9A26-B53055A1A37B}"
EndProject
Project("{9A19103F-16F7-4668-BE54-9A1E7A4F7556}") = "osu.Game.Rulesets.Classic", "osu\osu.Game.Rulesets.Classic\osu.Game.Rulesets.Classic.csproj", "{41EB1179-B13F-4E85-A21C-9DE6F9D77986}"
EndProject
Project("{9A19103F-16F7-4668-BE54-9A1E7A4F7556}") = "Symcol.osu.Mods.MapMixer", "osu\Symcol\Symcol.osu.Mods.MapMixer\Symcol.osu.Mods.MapMixer.csproj", "{D68551FA-5389-401A-995A-180293F803A2}"
EndProject
Project("{9A19103F-16F7-4668-BE54-9A1E7A4F7556}") = "Symcol.osu.Mods.Evast", "osu\Symcol\Symcol.osu.Mods.Evast\Symcol.osu.Mods.Evast.csproj", "{EAD09385-B7F5-42A2-AEE3-65E23B79EC3E}"
EndProject
Project("{9A19103F-16F7-4668-BE54-9A1E7A4F7556}") = "Symcol.osu.Mods.Caster", "osu\Symcol\Symcol.osu.Mods.Caster\Symcol.osu.Mods.Caster.csproj", "{D9408EDB-322B-49E5-A809-D6FA760F8AB6}"
EndProject
Project("{9A19103F-16F7-4668-BE54-9A1E7A4F7556}") = "osu.Framework.Tests", "osu\osu-framework\osu.Framework.Tests\osu.Framework.Tests.csproj", "{D3E1B537-AF92-41EA-941D-12E7D5891470}"
EndProject
Project("{9A19103F-16F7-4668-BE54-9A1E7A4F7556}") = "Symcol.osu.Mods.Multi", "osu\Symcol\Symcol.osu.Mods.Multi\Symcol.osu.Mods.Multi.csproj", "{28AAE53B-28D7-4E99-BF25-E55BF3E6B34E}"
EndProject
Project("{9A19103F-16F7-4668-BE54-9A1E7A4F7556}") = "Symcol.NeuralNetworking", "osu\Symcol\Symcol.NeuralNetworking\Symcol.NeuralNetworking.csproj", "{01F9C9FF-6864-45A8-88A4-6FB0957FAC33}"
EndProject
Project("{9A19103F-16F7-4668-BE54-9A1E7A4F7556}") = "Symcol.Networking", "osu\Symcol\Symcol.Networking\Symcol.Networking.csproj", "{1BC1C54D-F738-4890-824F-DC17426DF3EF}"
EndProject
Project("{2150E333-8FDC-42A3-9474-1A3956D46DE8}") = "Eden", "Eden", "{6B41A7DE-CEEE-479B-A816-67A760E0D195}"
EndProject
Project("{2150E333-8FDC-42A3-9474-1A3956D46DE8}") = "Battleship", "Battleship", "{F54A7A46-8433-4B88-9630-A847CC690CAD}"
EndProject
Project("{2150E333-8FDC-42A3-9474-1A3956D46DE8}") = "TouhouSharp", "TouhouSharp", "{3D04CD3D-5F2E-4A98-BF34-736D3344D45D}"
EndProject
Project("{9A19103F-16F7-4668-BE54-9A1E7A4F7556}") = "eden.Game.Resources", "Our-little-Eden\eden.Game.Resources\eden.Game.Resources.csproj", "{32962554-E724-4EBA-906A-2DA633FFE6BD}"
EndProject
Project("{9A19103F-16F7-4668-BE54-9A1E7A4F7556}") = "eden.Game.Story", "Our-little-Eden\eden.Game.Story\eden.Game.Story.csproj", "{329603FA-6256-4301-B6F7-B2B5C6858E61}"
EndProject
Project("{9A19103F-16F7-4668-BE54-9A1E7A4F7556}") = "eden.Game", "Our-little-Eden\eden.Game\eden.Game.csproj", "{1905C266-39D0-49E4-B0F4-1996E411B5F6}"
EndProject
Project("{9A19103F-16F7-4668-BE54-9A1E7A4F7556}") = "eden.Desktop", "Our-little-Eden\eden.Desktop\eden.Desktop.csproj", "{1F980986-1046-4C4B-97CE-A82562930366}"
EndProject
Project("{9A19103F-16F7-4668-BE54-9A1E7A4F7556}") = "eden.Game.Tests", "Our-little-Eden\eden.Game.Tests\eden.Game.Tests.csproj", "{122DB846-FB34-4474-B679-F8655CCBF261}"
EndProject
Project("{2150E333-8FDC-42A3-9474-1A3956D46DE8}") = "Symcol", "Symcol", "{0BBFDCDB-EB9F-4F67-ADE7-E362D3C90A3A}"
EndProject
Project("{9A19103F-16F7-4668-BE54-9A1E7A4F7556}") = "Symcol.Core", "Our-little-Eden\Symcol\Symcol.Core\Symcol.Core.csproj", "{235ECB58-BE12-4038-BE10-BC331FFB41AA}"
EndProject
Project("{9A19103F-16F7-4668-BE54-9A1E7A4F7556}") = "Symcol.Networking", "Our-little-Eden\Symcol\Symcol.Networking\Symcol.Networking.csproj", "{B586AAB0-7192-40C6-B25D-FBBFDFE08590}"
EndProject
Project("{2150E333-8FDC-42A3-9474-1A3956D46DE8}") = "osu-framework", "osu-framework", "{3A42B2F2-03A3-4995-BC61-71466B5E5EB7}"
EndProject
Project("{9A19103F-16F7-4668-BE54-9A1E7A4F7556}") = "osu.Framework", "Our-little-Eden\osu-framework\osu.Framework\osu.Framework.csproj", "{C76BF5B3-985E-4D39-95FE-97C9C879B83A}"
EndProject
Project("{9A19103F-16F7-4668-BE54-9A1E7A4F7556}") = "SampleGame", "Our-little-Eden\osu-framework\SampleGame\SampleGame.csproj", "{92ACD5D9-5CFF-46ED-A451-2DD914169EA3}"
EndProject
Project("{9A19103F-16F7-4668-BE54-9A1E7A4F7556}") = "osu.Framework.Tests", "Our-little-Eden\osu-framework\osu.Framework.Tests\osu.Framework.Tests.csproj", "{79803407-6F50-484F-93F5-641911EABD8A}"
EndProject
Project("{9A19103F-16F7-4668-BE54-9A1E7A4F7556}") = "THSharp.Game.Resources", "TouhouSharp\THSharp.Game.Resources\THSharp.Game.Resources.csproj", "{24933B60-101A-42F7-BA21-43B607886EBA}"
EndProject
Project("{9A19103F-16F7-4668-BE54-9A1E7A4F7556}") = "THSharp.Game", "TouhouSharp\THSharp.Game\THSharp.Game.csproj", "{9ECBBDE4-CA72-4659-8DF7-FBBDC5ACC69C}"
EndProject
Project("{9A19103F-16F7-4668-BE54-9A1E7A4F7556}") = "THSharp.Desktop", "TouhouSharp\THSharp.Desktop\THSharp.Desktop.csproj", "{3EEFD0A1-6813-4BCD-AB1F-10A1D3E29521}"
EndProject
Project("{9A19103F-16F7-4668-BE54-9A1E7A4F7556}") = "THSharp.Gamemodes.TouhouSharp", "TouhouSharp\THSharp.Gamemodes.TouhouSharp\THSharp.Gamemodes.TouhouSharp.csproj", "{30BECE80-917B-43A0-9D16-8629F6875FAE}"
EndProject
Project("{2150E333-8FDC-42A3-9474-1A3956D46DE8}") = "osu-framework", "osu-framework", "{547FD5A1-07F8-45A6-A780-B5053D8CD01A}"
EndProject
Project("{2150E333-8FDC-42A3-9474-1A3956D46DE8}") = "Symcol", "Symcol", "{13E1542C-F26A-4FF8-B59C-902B9D98C3C4}"
EndProject
Project("{9A19103F-16F7-4668-BE54-9A1E7A4F7556}") = "osu.Framework", "TouhouSharp\osu-framework\osu.Framework\osu.Framework.csproj", "{A7A10F17-B911-4A6F-AA1B-33579F102F51}"
EndProject
Project("{9A19103F-16F7-4668-BE54-9A1E7A4F7556}") = "SampleGame", "TouhouSharp\osu-framework\SampleGame\SampleGame.csproj", "{90385036-DBAB-4BDA-9C6C-2D2258226975}"
EndProject
Project("{9A19103F-16F7-4668-BE54-9A1E7A4F7556}") = "osu.Framework.Tests", "TouhouSharp\osu-framework\osu.Framework.Tests\osu.Framework.Tests.csproj", "{71BCD5CA-EC89-49F5-8FB6-E06EE3770696}"
EndProject
Project("{9A19103F-16F7-4668-BE54-9A1E7A4F7556}") = "Symcol.Core", "TouhouSharp\Symcol\Symcol.Core\Symcol.Core.csproj", "{8FEEA199-778B-46B5-BFE5-B1D87E2141D5}"
EndProject
Project("{9A19103F-16F7-4668-BE54-9A1E7A4F7556}") = "Symcol.Networking", "TouhouSharp\Symcol\Symcol.Networking\Symcol.Networking.csproj", "{3A4DB26B-44E1-413C-B7F4-86E0E8A2C25A}"
EndProject
Project("{9A19103F-16F7-4668-BE54-9A1E7A4F7556}") = "Symcol.NeuralNetworking", "TouhouSharp\Symcol\Symcol.NeuralNetworking\Symcol.NeuralNetworking.csproj", "{1466AE55-E82B-4D08-8FBE-60197BD60F60}"
EndProject
Project("{9A19103F-16F7-4668-BE54-9A1E7A4F7556}") = "battleship.Game.Resources", "Extreme-Battleship\battleship.Game.Resources\battleship.Game.Resources.csproj", "{8C4BEE0D-E26C-4B77-8B60-33EC619BD134}"
EndProject
Project("{9A19103F-16F7-4668-BE54-9A1E7A4F7556}") = "battleship.Desktop", "Extreme-Battleship\battleship.Desktop\battleship.Desktop.csproj", "{C8B8D3BA-1A70-40AE-8726-C496D5949FF9}"
EndProject
Project("{9A19103F-16F7-4668-BE54-9A1E7A4F7556}") = "battleship.Game", "Extreme-Battleship\battleship.Game\battleship.Game.csproj", "{7D74AA2B-A333-4F28-ADD9-1328EB29342C}"
EndProject
Project("{2150E333-8FDC-42A3-9474-1A3956D46DE8}") = "Symcol", "Symcol", "{46EB85AA-47AD-4EE1-9AB1-196DAC7F8531}"
EndProject
Project("{2150E333-8FDC-42A3-9474-1A3956D46DE8}") = "osu-framework", "osu-framework", "{C4AD98C6-51B3-4965-94ED-B8E2F5967501}"
EndProject
Project("{9A19103F-16F7-4668-BE54-9A1E7A4F7556}") = "Symcol.Core", "Extreme-Battleship\Symcol\Symcol.Core\Symcol.Core.csproj", "{7E0984EA-CE38-4EE9-B5F8-62E621693BB7}"
EndProject
Project("{9A19103F-16F7-4668-BE54-9A1E7A4F7556}") = "Symcol.Networking", "Extreme-Battleship\Symcol\Symcol.Networking\Symcol.Networking.csproj", "{7DA5A8FE-7670-4520-B2D1-3CC119086079}"
EndProject
Project("{9A19103F-16F7-4668-BE54-9A1E7A4F7556}") = "osu.Framework", "Extreme-Battleship\osu-framework\osu.Framework\osu.Framework.csproj", "{79335E19-12E2-4F69-AA7E-B071E0427611}"
EndProject
Project("{9A19103F-16F7-4668-BE54-9A1E7A4F7556}") = "SampleGame", "Extreme-Battleship\osu-framework\SampleGame\SampleGame.csproj", "{E3998BCA-9D2D-401E-9960-C082779CD0F3}"
EndProject
Project("{9A19103F-16F7-4668-BE54-9A1E7A4F7556}") = "osu.Framework.Tests", "Extreme-Battleship\osu-framework\osu.Framework.Tests\osu.Framework.Tests.csproj", "{BF1E7A8F-9C37-4AC7-9B83-33255F6174A6}"
EndProject
Global
	GlobalSection(SolutionConfigurationPlatforms) = preSolution
		Debug|Any CPU = Debug|Any CPU
		Release|Any CPU = Release|Any CPU
		VisualTests|Any CPU = VisualTests|Any CPU
	EndGlobalSection
	GlobalSection(ProjectConfigurationPlatforms) = postSolution
		{FBDB7628-34B6-4EEF-A7CF-95E307EF0A64}.Debug|Any CPU.ActiveCfg = Debug|Any CPU
		{FBDB7628-34B6-4EEF-A7CF-95E307EF0A64}.Debug|Any CPU.Build.0 = Debug|Any CPU
		{FBDB7628-34B6-4EEF-A7CF-95E307EF0A64}.Release|Any CPU.ActiveCfg = Release|Any CPU
		{FBDB7628-34B6-4EEF-A7CF-95E307EF0A64}.Release|Any CPU.Build.0 = Release|Any CPU
		{FBDB7628-34B6-4EEF-A7CF-95E307EF0A64}.VisualTests|Any CPU.ActiveCfg = Release|Any CPU
		{FBDB7628-34B6-4EEF-A7CF-95E307EF0A64}.VisualTests|Any CPU.Build.0 = Release|Any CPU
		{E869B5D2-AE5F-4020-A7FC-81AD3643609E}.Debug|Any CPU.ActiveCfg = Debug|Any CPU
		{E869B5D2-AE5F-4020-A7FC-81AD3643609E}.Debug|Any CPU.Build.0 = Debug|Any CPU
		{E869B5D2-AE5F-4020-A7FC-81AD3643609E}.Release|Any CPU.ActiveCfg = Release|Any CPU
		{E869B5D2-AE5F-4020-A7FC-81AD3643609E}.Release|Any CPU.Build.0 = Release|Any CPU
		{E869B5D2-AE5F-4020-A7FC-81AD3643609E}.VisualTests|Any CPU.ActiveCfg = Release|Any CPU
		{E869B5D2-AE5F-4020-A7FC-81AD3643609E}.VisualTests|Any CPU.Build.0 = Release|Any CPU
		{E07F72AD-C99C-4A6D-8A20-45B54A04A569}.Debug|Any CPU.ActiveCfg = Debug|Any CPU
		{E07F72AD-C99C-4A6D-8A20-45B54A04A569}.Debug|Any CPU.Build.0 = Debug|Any CPU
		{E07F72AD-C99C-4A6D-8A20-45B54A04A569}.Release|Any CPU.ActiveCfg = Release|Any CPU
		{E07F72AD-C99C-4A6D-8A20-45B54A04A569}.Release|Any CPU.Build.0 = Release|Any CPU
		{E07F72AD-C99C-4A6D-8A20-45B54A04A569}.VisualTests|Any CPU.ActiveCfg = Release|Any CPU
		{E07F72AD-C99C-4A6D-8A20-45B54A04A569}.VisualTests|Any CPU.Build.0 = Release|Any CPU
		{2A66DD92-ADB1-4994-89E2-C94E04ACDA0D}.Debug|Any CPU.ActiveCfg = Debug|Any CPU
		{2A66DD92-ADB1-4994-89E2-C94E04ACDA0D}.Debug|Any CPU.Build.0 = Debug|Any CPU
		{2A66DD92-ADB1-4994-89E2-C94E04ACDA0D}.Release|Any CPU.ActiveCfg = Release|Any CPU
		{2A66DD92-ADB1-4994-89E2-C94E04ACDA0D}.Release|Any CPU.Build.0 = Release|Any CPU
		{2A66DD92-ADB1-4994-89E2-C94E04ACDA0D}.VisualTests|Any CPU.ActiveCfg = Release|Any CPU
		{2A66DD92-ADB1-4994-89E2-C94E04ACDA0D}.VisualTests|Any CPU.Build.0 = Release|Any CPU
		{D9A367C9-4C1A-489F-9B05-A0CEA2B53B58}.Debug|Any CPU.ActiveCfg = Debug|Any CPU
		{D9A367C9-4C1A-489F-9B05-A0CEA2B53B58}.Debug|Any CPU.Build.0 = Debug|Any CPU
		{D9A367C9-4C1A-489F-9B05-A0CEA2B53B58}.Release|Any CPU.ActiveCfg = Release|Any CPU
		{D9A367C9-4C1A-489F-9B05-A0CEA2B53B58}.Release|Any CPU.Build.0 = Release|Any CPU
		{D9A367C9-4C1A-489F-9B05-A0CEA2B53B58}.VisualTests|Any CPU.ActiveCfg = Release|Any CPU
		{D9A367C9-4C1A-489F-9B05-A0CEA2B53B58}.VisualTests|Any CPU.Build.0 = Release|Any CPU
		{C92A607B-1FDD-4954-9F92-03FF547D9080}.Debug|Any CPU.ActiveCfg = Debug|Any CPU
		{C92A607B-1FDD-4954-9F92-03FF547D9080}.Debug|Any CPU.Build.0 = Debug|Any CPU
		{C92A607B-1FDD-4954-9F92-03FF547D9080}.Release|Any CPU.ActiveCfg = Release|Any CPU
		{C92A607B-1FDD-4954-9F92-03FF547D9080}.Release|Any CPU.Build.0 = Release|Any CPU
		{C92A607B-1FDD-4954-9F92-03FF547D9080}.VisualTests|Any CPU.ActiveCfg = Release|Any CPU
		{C92A607B-1FDD-4954-9F92-03FF547D9080}.VisualTests|Any CPU.Build.0 = Release|Any CPU
		{58F6C80C-1253-4A0E-A465-B8C85EBEADF3}.Debug|Any CPU.ActiveCfg = Debug|Any CPU
		{58F6C80C-1253-4A0E-A465-B8C85EBEADF3}.Debug|Any CPU.Build.0 = Debug|Any CPU
		{58F6C80C-1253-4A0E-A465-B8C85EBEADF3}.Release|Any CPU.ActiveCfg = Release|Any CPU
		{58F6C80C-1253-4A0E-A465-B8C85EBEADF3}.Release|Any CPU.Build.0 = Release|Any CPU
		{58F6C80C-1253-4A0E-A465-B8C85EBEADF3}.VisualTests|Any CPU.ActiveCfg = Release|Any CPU
		{58F6C80C-1253-4A0E-A465-B8C85EBEADF3}.VisualTests|Any CPU.Build.0 = Release|Any CPU
		{F167E17A-7DE6-4AF5-B920-A5112296C695}.Debug|Any CPU.ActiveCfg = Debug|Any CPU
		{F167E17A-7DE6-4AF5-B920-A5112296C695}.Debug|Any CPU.Build.0 = Debug|Any CPU
		{F167E17A-7DE6-4AF5-B920-A5112296C695}.Release|Any CPU.ActiveCfg = Release|Any CPU
		{F167E17A-7DE6-4AF5-B920-A5112296C695}.Release|Any CPU.Build.0 = Release|Any CPU
		{F167E17A-7DE6-4AF5-B920-A5112296C695}.VisualTests|Any CPU.ActiveCfg = Release|Any CPU
		{F167E17A-7DE6-4AF5-B920-A5112296C695}.VisualTests|Any CPU.Build.0 = Release|Any CPU
		{48F4582B-7687-4621-9CBE-5C24197CB536}.Debug|Any CPU.ActiveCfg = Debug|Any CPU
		{48F4582B-7687-4621-9CBE-5C24197CB536}.Debug|Any CPU.Build.0 = Debug|Any CPU
		{48F4582B-7687-4621-9CBE-5C24197CB536}.Release|Any CPU.ActiveCfg = Release|Any CPU
		{48F4582B-7687-4621-9CBE-5C24197CB536}.Release|Any CPU.Build.0 = Release|Any CPU
		{48F4582B-7687-4621-9CBE-5C24197CB536}.VisualTests|Any CPU.ActiveCfg = Release|Any CPU
		{48F4582B-7687-4621-9CBE-5C24197CB536}.VisualTests|Any CPU.Build.0 = Release|Any CPU
		{54377672-20B1-40AF-8087-5CF73BF3953A}.Debug|Any CPU.ActiveCfg = Debug|Any CPU
		{54377672-20B1-40AF-8087-5CF73BF3953A}.Debug|Any CPU.Build.0 = Debug|Any CPU
		{54377672-20B1-40AF-8087-5CF73BF3953A}.Release|Any CPU.ActiveCfg = Release|Any CPU
		{54377672-20B1-40AF-8087-5CF73BF3953A}.Release|Any CPU.Build.0 = Release|Any CPU
		{54377672-20B1-40AF-8087-5CF73BF3953A}.VisualTests|Any CPU.ActiveCfg = Release|Any CPU
		{54377672-20B1-40AF-8087-5CF73BF3953A}.VisualTests|Any CPU.Build.0 = Release|Any CPU
		{419659FD-72EA-4678-9EB8-B22A746CED70}.Debug|Any CPU.ActiveCfg = Debug|Any CPU
		{419659FD-72EA-4678-9EB8-B22A746CED70}.Debug|Any CPU.Build.0 = Debug|Any CPU
		{419659FD-72EA-4678-9EB8-B22A746CED70}.Release|Any CPU.ActiveCfg = Release|Any CPU
		{419659FD-72EA-4678-9EB8-B22A746CED70}.Release|Any CPU.Build.0 = Release|Any CPU
		{419659FD-72EA-4678-9EB8-B22A746CED70}.VisualTests|Any CPU.ActiveCfg = Release|Any CPU
		{419659FD-72EA-4678-9EB8-B22A746CED70}.VisualTests|Any CPU.Build.0 = Release|Any CPU
		{3AD63355-D6B1-4365-8D31-5652C989BEF1}.Debug|Any CPU.ActiveCfg = Debug|Any CPU
		{3AD63355-D6B1-4365-8D31-5652C989BEF1}.Debug|Any CPU.Build.0 = Debug|Any CPU
		{3AD63355-D6B1-4365-8D31-5652C989BEF1}.Release|Any CPU.ActiveCfg = Release|Any CPU
		{3AD63355-D6B1-4365-8D31-5652C989BEF1}.Release|Any CPU.Build.0 = Release|Any CPU
		{3AD63355-D6B1-4365-8D31-5652C989BEF1}.VisualTests|Any CPU.ActiveCfg = Release|Any CPU
		{3AD63355-D6B1-4365-8D31-5652C989BEF1}.VisualTests|Any CPU.Build.0 = Release|Any CPU
		{7E9E9C34-B204-406B-82E2-E01E900699CD}.Debug|Any CPU.ActiveCfg = Debug|Any CPU
		{7E9E9C34-B204-406B-82E2-E01E900699CD}.Debug|Any CPU.Build.0 = Debug|Any CPU
		{7E9E9C34-B204-406B-82E2-E01E900699CD}.Release|Any CPU.ActiveCfg = Release|Any CPU
		{7E9E9C34-B204-406B-82E2-E01E900699CD}.Release|Any CPU.Build.0 = Release|Any CPU
		{7E9E9C34-B204-406B-82E2-E01E900699CD}.VisualTests|Any CPU.ActiveCfg = Release|Any CPU
		{7E9E9C34-B204-406B-82E2-E01E900699CD}.VisualTests|Any CPU.Build.0 = Release|Any CPU
		{B698561F-FB28-46B1-857E-3CA7B92F9D70}.Debug|Any CPU.ActiveCfg = Debug|Any CPU
		{B698561F-FB28-46B1-857E-3CA7B92F9D70}.Debug|Any CPU.Build.0 = Debug|Any CPU
		{B698561F-FB28-46B1-857E-3CA7B92F9D70}.Release|Any CPU.ActiveCfg = Release|Any CPU
		{B698561F-FB28-46B1-857E-3CA7B92F9D70}.Release|Any CPU.Build.0 = Release|Any CPU
		{B698561F-FB28-46B1-857E-3CA7B92F9D70}.VisualTests|Any CPU.ActiveCfg = Release|Any CPU
		{B698561F-FB28-46B1-857E-3CA7B92F9D70}.VisualTests|Any CPU.Build.0 = Release|Any CPU
		{6A2D5D58-0261-4A75-BE84-2BE8B076B7C2}.Debug|Any CPU.ActiveCfg = Debug|Any CPU
		{6A2D5D58-0261-4A75-BE84-2BE8B076B7C2}.Debug|Any CPU.Build.0 = Debug|Any CPU
		{6A2D5D58-0261-4A75-BE84-2BE8B076B7C2}.Release|Any CPU.ActiveCfg = Release|Any CPU
		{6A2D5D58-0261-4A75-BE84-2BE8B076B7C2}.Release|Any CPU.Build.0 = Release|Any CPU
		{6A2D5D58-0261-4A75-BE84-2BE8B076B7C2}.VisualTests|Any CPU.ActiveCfg = Release|Any CPU
		{6A2D5D58-0261-4A75-BE84-2BE8B076B7C2}.VisualTests|Any CPU.Build.0 = Release|Any CPU
		{9CF24E82-8B5C-46FF-95C6-22A58081AE2B}.Debug|Any CPU.ActiveCfg = Debug|Any CPU
		{9CF24E82-8B5C-46FF-95C6-22A58081AE2B}.Debug|Any CPU.Build.0 = Debug|Any CPU
		{9CF24E82-8B5C-46FF-95C6-22A58081AE2B}.Release|Any CPU.ActiveCfg = Release|Any CPU
		{9CF24E82-8B5C-46FF-95C6-22A58081AE2B}.Release|Any CPU.Build.0 = Release|Any CPU
		{9CF24E82-8B5C-46FF-95C6-22A58081AE2B}.VisualTests|Any CPU.ActiveCfg = Release|Any CPU
		{9CF24E82-8B5C-46FF-95C6-22A58081AE2B}.VisualTests|Any CPU.Build.0 = Release|Any CPU
		{814BD1FC-B7A3-4707-A4A6-2FC17E05D53E}.Debug|Any CPU.ActiveCfg = Debug|Any CPU
		{814BD1FC-B7A3-4707-A4A6-2FC17E05D53E}.Debug|Any CPU.Build.0 = Debug|Any CPU
		{814BD1FC-B7A3-4707-A4A6-2FC17E05D53E}.Release|Any CPU.ActiveCfg = Release|Any CPU
		{814BD1FC-B7A3-4707-A4A6-2FC17E05D53E}.Release|Any CPU.Build.0 = Release|Any CPU
		{814BD1FC-B7A3-4707-A4A6-2FC17E05D53E}.VisualTests|Any CPU.ActiveCfg = Release|Any CPU
		{814BD1FC-B7A3-4707-A4A6-2FC17E05D53E}.VisualTests|Any CPU.Build.0 = Release|Any CPU
		{C8613068-D6BF-4DD6-BB0B-53844CDCA4AB}.Debug|Any CPU.ActiveCfg = Debug|Any CPU
		{C8613068-D6BF-4DD6-BB0B-53844CDCA4AB}.Debug|Any CPU.Build.0 = Debug|Any CPU
		{C8613068-D6BF-4DD6-BB0B-53844CDCA4AB}.Release|Any CPU.ActiveCfg = Release|Any CPU
		{C8613068-D6BF-4DD6-BB0B-53844CDCA4AB}.Release|Any CPU.Build.0 = Release|Any CPU
		{C8613068-D6BF-4DD6-BB0B-53844CDCA4AB}.VisualTests|Any CPU.ActiveCfg = Release|Any CPU
		{C8613068-D6BF-4DD6-BB0B-53844CDCA4AB}.VisualTests|Any CPU.Build.0 = Release|Any CPU
		{99EACE00-0F5D-463E-9252-48907A5A8CC0}.Debug|Any CPU.ActiveCfg = Debug|Any CPU
		{99EACE00-0F5D-463E-9252-48907A5A8CC0}.Debug|Any CPU.Build.0 = Debug|Any CPU
		{99EACE00-0F5D-463E-9252-48907A5A8CC0}.Release|Any CPU.ActiveCfg = Release|Any CPU
		{99EACE00-0F5D-463E-9252-48907A5A8CC0}.Release|Any CPU.Build.0 = Release|Any CPU
		{99EACE00-0F5D-463E-9252-48907A5A8CC0}.VisualTests|Any CPU.ActiveCfg = Release|Any CPU
		{99EACE00-0F5D-463E-9252-48907A5A8CC0}.VisualTests|Any CPU.Build.0 = Release|Any CPU
		{259965F8-33FC-4C91-8851-546F18602766}.Debug|Any CPU.ActiveCfg = Debug|Any CPU
		{259965F8-33FC-4C91-8851-546F18602766}.Debug|Any CPU.Build.0 = Debug|Any CPU
		{259965F8-33FC-4C91-8851-546F18602766}.Release|Any CPU.ActiveCfg = Release|Any CPU
		{259965F8-33FC-4C91-8851-546F18602766}.Release|Any CPU.Build.0 = Release|Any CPU
		{259965F8-33FC-4C91-8851-546F18602766}.VisualTests|Any CPU.ActiveCfg = Release|Any CPU
		{259965F8-33FC-4C91-8851-546F18602766}.VisualTests|Any CPU.Build.0 = Release|Any CPU
		{EC03AC85-A848-4775-8634-BA65569C26A2}.Debug|Any CPU.ActiveCfg = Debug|Any CPU
		{EC03AC85-A848-4775-8634-BA65569C26A2}.Debug|Any CPU.Build.0 = Debug|Any CPU
		{EC03AC85-A848-4775-8634-BA65569C26A2}.Release|Any CPU.ActiveCfg = Release|Any CPU
		{EC03AC85-A848-4775-8634-BA65569C26A2}.Release|Any CPU.Build.0 = Release|Any CPU
		{EC03AC85-A848-4775-8634-BA65569C26A2}.VisualTests|Any CPU.ActiveCfg = Release|Any CPU
		{EC03AC85-A848-4775-8634-BA65569C26A2}.VisualTests|Any CPU.Build.0 = Release|Any CPU
		{49FD5644-F1A6-4D98-9060-2F2609FD2DE8}.Debug|Any CPU.ActiveCfg = Debug|Any CPU
		{49FD5644-F1A6-4D98-9060-2F2609FD2DE8}.Debug|Any CPU.Build.0 = Debug|Any CPU
		{49FD5644-F1A6-4D98-9060-2F2609FD2DE8}.Release|Any CPU.ActiveCfg = Release|Any CPU
		{49FD5644-F1A6-4D98-9060-2F2609FD2DE8}.Release|Any CPU.Build.0 = Release|Any CPU
		{49FD5644-F1A6-4D98-9060-2F2609FD2DE8}.VisualTests|Any CPU.ActiveCfg = Release|Any CPU
		{49FD5644-F1A6-4D98-9060-2F2609FD2DE8}.VisualTests|Any CPU.Build.0 = Release|Any CPU
		{0D2E14F9-49F5-4AF2-8E48-42F1884C182D}.Debug|Any CPU.ActiveCfg = Debug|Any CPU
		{0D2E14F9-49F5-4AF2-8E48-42F1884C182D}.Debug|Any CPU.Build.0 = Debug|Any CPU
		{0D2E14F9-49F5-4AF2-8E48-42F1884C182D}.Release|Any CPU.ActiveCfg = Release|Any CPU
		{0D2E14F9-49F5-4AF2-8E48-42F1884C182D}.Release|Any CPU.Build.0 = Release|Any CPU
		{0D2E14F9-49F5-4AF2-8E48-42F1884C182D}.VisualTests|Any CPU.ActiveCfg = Release|Any CPU
		{0D2E14F9-49F5-4AF2-8E48-42F1884C182D}.VisualTests|Any CPU.Build.0 = Release|Any CPU
		{F0A41447-2932-492E-A079-61475EA99A17}.Debug|Any CPU.ActiveCfg = Debug|Any CPU
		{F0A41447-2932-492E-A079-61475EA99A17}.Debug|Any CPU.Build.0 = Debug|Any CPU
		{F0A41447-2932-492E-A079-61475EA99A17}.Release|Any CPU.ActiveCfg = Release|Any CPU
		{F0A41447-2932-492E-A079-61475EA99A17}.Release|Any CPU.Build.0 = Release|Any CPU
		{F0A41447-2932-492E-A079-61475EA99A17}.VisualTests|Any CPU.ActiveCfg = Release|Any CPU
		{F0A41447-2932-492E-A079-61475EA99A17}.VisualTests|Any CPU.Build.0 = Release|Any CPU
		{C81B33BF-C9AE-476A-9275-BE3962D55E69}.Debug|Any CPU.ActiveCfg = Debug|Any CPU
		{C81B33BF-C9AE-476A-9275-BE3962D55E69}.Debug|Any CPU.Build.0 = Debug|Any CPU
		{C81B33BF-C9AE-476A-9275-BE3962D55E69}.Release|Any CPU.ActiveCfg = Release|Any CPU
		{C81B33BF-C9AE-476A-9275-BE3962D55E69}.Release|Any CPU.Build.0 = Release|Any CPU
		{C81B33BF-C9AE-476A-9275-BE3962D55E69}.VisualTests|Any CPU.ActiveCfg = Release|Any CPU
		{C81B33BF-C9AE-476A-9275-BE3962D55E69}.VisualTests|Any CPU.Build.0 = Release|Any CPU
		{2DF027A9-1B44-4CA7-BDBB-05021AA44832}.Debug|Any CPU.ActiveCfg = Debug|Any CPU
		{2DF027A9-1B44-4CA7-BDBB-05021AA44832}.Debug|Any CPU.Build.0 = Debug|Any CPU
		{2DF027A9-1B44-4CA7-BDBB-05021AA44832}.Release|Any CPU.ActiveCfg = Release|Any CPU
		{2DF027A9-1B44-4CA7-BDBB-05021AA44832}.Release|Any CPU.Build.0 = Release|Any CPU
		{2DF027A9-1B44-4CA7-BDBB-05021AA44832}.VisualTests|Any CPU.ActiveCfg = Release|Any CPU
		{2DF027A9-1B44-4CA7-BDBB-05021AA44832}.VisualTests|Any CPU.Build.0 = Release|Any CPU
		{50304705-D6C1-4753-9EEA-758EEA547B3D}.Debug|Any CPU.ActiveCfg = Debug|Any CPU
		{50304705-D6C1-4753-9EEA-758EEA547B3D}.Debug|Any CPU.Build.0 = Debug|Any CPU
		{50304705-D6C1-4753-9EEA-758EEA547B3D}.Release|Any CPU.ActiveCfg = Release|Any CPU
		{50304705-D6C1-4753-9EEA-758EEA547B3D}.Release|Any CPU.Build.0 = Release|Any CPU
		{50304705-D6C1-4753-9EEA-758EEA547B3D}.VisualTests|Any CPU.ActiveCfg = Release|Any CPU
		{50304705-D6C1-4753-9EEA-758EEA547B3D}.VisualTests|Any CPU.Build.0 = Release|Any CPU
		{8CC6C49C-9E55-45E4-AE56-11AFA347E9A1}.Debug|Any CPU.ActiveCfg = Debug|Any CPU
		{8CC6C49C-9E55-45E4-AE56-11AFA347E9A1}.Debug|Any CPU.Build.0 = Debug|Any CPU
		{8CC6C49C-9E55-45E4-AE56-11AFA347E9A1}.Release|Any CPU.ActiveCfg = Release|Any CPU
		{8CC6C49C-9E55-45E4-AE56-11AFA347E9A1}.Release|Any CPU.Build.0 = Release|Any CPU
		{8CC6C49C-9E55-45E4-AE56-11AFA347E9A1}.VisualTests|Any CPU.ActiveCfg = Release|Any CPU
		{8CC6C49C-9E55-45E4-AE56-11AFA347E9A1}.VisualTests|Any CPU.Build.0 = Release|Any CPU
		{43BF0A83-DC30-4F64-91C3-9C2507F57489}.Debug|Any CPU.ActiveCfg = Debug|Any CPU
		{43BF0A83-DC30-4F64-91C3-9C2507F57489}.Debug|Any CPU.Build.0 = Debug|Any CPU
		{43BF0A83-DC30-4F64-91C3-9C2507F57489}.Release|Any CPU.ActiveCfg = Release|Any CPU
		{43BF0A83-DC30-4F64-91C3-9C2507F57489}.Release|Any CPU.Build.0 = Release|Any CPU
		{43BF0A83-DC30-4F64-91C3-9C2507F57489}.VisualTests|Any CPU.ActiveCfg = Release|Any CPU
		{43BF0A83-DC30-4F64-91C3-9C2507F57489}.VisualTests|Any CPU.Build.0 = Release|Any CPU
		{9CDB49D2-FCB9-45D3-8E5C-405EB5173071}.Debug|Any CPU.ActiveCfg = Debug|Any CPU
		{9CDB49D2-FCB9-45D3-8E5C-405EB5173071}.Debug|Any CPU.Build.0 = Debug|Any CPU
		{9CDB49D2-FCB9-45D3-8E5C-405EB5173071}.Release|Any CPU.ActiveCfg = Release|Any CPU
		{9CDB49D2-FCB9-45D3-8E5C-405EB5173071}.Release|Any CPU.Build.0 = Release|Any CPU
		{9CDB49D2-FCB9-45D3-8E5C-405EB5173071}.VisualTests|Any CPU.ActiveCfg = Release|Any CPU
		{9CDB49D2-FCB9-45D3-8E5C-405EB5173071}.VisualTests|Any CPU.Build.0 = Release|Any CPU
		{65A3A9DE-C681-4654-80D5-EE467304CFCC}.Debug|Any CPU.ActiveCfg = Debug|Any CPU
		{65A3A9DE-C681-4654-80D5-EE467304CFCC}.Debug|Any CPU.Build.0 = Debug|Any CPU
		{65A3A9DE-C681-4654-80D5-EE467304CFCC}.Release|Any CPU.ActiveCfg = Release|Any CPU
		{65A3A9DE-C681-4654-80D5-EE467304CFCC}.Release|Any CPU.Build.0 = Release|Any CPU
		{65A3A9DE-C681-4654-80D5-EE467304CFCC}.VisualTests|Any CPU.ActiveCfg = Debug|Any CPU
		{65A3A9DE-C681-4654-80D5-EE467304CFCC}.VisualTests|Any CPU.Build.0 = Debug|Any CPU
		{E06792C2-F912-4B25-BB59-486265518FE0}.Debug|Any CPU.ActiveCfg = Debug|Any CPU
		{E06792C2-F912-4B25-BB59-486265518FE0}.Debug|Any CPU.Build.0 = Debug|Any CPU
		{E06792C2-F912-4B25-BB59-486265518FE0}.Release|Any CPU.ActiveCfg = Release|Any CPU
		{E06792C2-F912-4B25-BB59-486265518FE0}.Release|Any CPU.Build.0 = Release|Any CPU
		{E06792C2-F912-4B25-BB59-486265518FE0}.VisualTests|Any CPU.ActiveCfg = Debug|Any CPU
		{E06792C2-F912-4B25-BB59-486265518FE0}.VisualTests|Any CPU.Build.0 = Debug|Any CPU
		{374EE100-FA4E-483B-B304-BB27C20BE873}.Debug|Any CPU.ActiveCfg = Debug|Any CPU
		{374EE100-FA4E-483B-B304-BB27C20BE873}.Debug|Any CPU.Build.0 = Debug|Any CPU
		{374EE100-FA4E-483B-B304-BB27C20BE873}.Release|Any CPU.ActiveCfg = Release|Any CPU
		{374EE100-FA4E-483B-B304-BB27C20BE873}.Release|Any CPU.Build.0 = Release|Any CPU
		{374EE100-FA4E-483B-B304-BB27C20BE873}.VisualTests|Any CPU.ActiveCfg = Debug|Any CPU
		{374EE100-FA4E-483B-B304-BB27C20BE873}.VisualTests|Any CPU.Build.0 = Debug|Any CPU
		{948C629A-71FB-4067-B7D6-538039B996B3}.Debug|Any CPU.ActiveCfg = Debug|Any CPU
		{948C629A-71FB-4067-B7D6-538039B996B3}.Debug|Any CPU.Build.0 = Debug|Any CPU
		{948C629A-71FB-4067-B7D6-538039B996B3}.Release|Any CPU.ActiveCfg = Release|Any CPU
		{948C629A-71FB-4067-B7D6-538039B996B3}.Release|Any CPU.Build.0 = Release|Any CPU
		{948C629A-71FB-4067-B7D6-538039B996B3}.VisualTests|Any CPU.ActiveCfg = Debug|Any CPU
		{948C629A-71FB-4067-B7D6-538039B996B3}.VisualTests|Any CPU.Build.0 = Debug|Any CPU
		{570B5E37-93D5-4B3A-BA6F-8A9AB323E141}.Debug|Any CPU.ActiveCfg = Debug|Any CPU
		{570B5E37-93D5-4B3A-BA6F-8A9AB323E141}.Debug|Any CPU.Build.0 = Debug|Any CPU
		{570B5E37-93D5-4B3A-BA6F-8A9AB323E141}.Release|Any CPU.ActiveCfg = Release|Any CPU
		{570B5E37-93D5-4B3A-BA6F-8A9AB323E141}.Release|Any CPU.Build.0 = Release|Any CPU
		{570B5E37-93D5-4B3A-BA6F-8A9AB323E141}.VisualTests|Any CPU.ActiveCfg = Debug|Any CPU
		{570B5E37-93D5-4B3A-BA6F-8A9AB323E141}.VisualTests|Any CPU.Build.0 = Debug|Any CPU
		{3E856CC1-F79A-45C7-8409-1A3C071749EB}.Debug|Any CPU.ActiveCfg = Debug|Any CPU
		{3E856CC1-F79A-45C7-8409-1A3C071749EB}.Debug|Any CPU.Build.0 = Debug|Any CPU
		{3E856CC1-F79A-45C7-8409-1A3C071749EB}.Release|Any CPU.ActiveCfg = Release|Any CPU
		{3E856CC1-F79A-45C7-8409-1A3C071749EB}.Release|Any CPU.Build.0 = Release|Any CPU
		{3E856CC1-F79A-45C7-8409-1A3C071749EB}.VisualTests|Any CPU.ActiveCfg = Debug|Any CPU
		{3E856CC1-F79A-45C7-8409-1A3C071749EB}.VisualTests|Any CPU.Build.0 = Debug|Any CPU
		{522B19CA-0DCB-48E9-820E-1A471BC99EFD}.Debug|Any CPU.ActiveCfg = Debug|Any CPU
		{522B19CA-0DCB-48E9-820E-1A471BC99EFD}.Debug|Any CPU.Build.0 = Debug|Any CPU
		{522B19CA-0DCB-48E9-820E-1A471BC99EFD}.Release|Any CPU.ActiveCfg = Release|Any CPU
		{522B19CA-0DCB-48E9-820E-1A471BC99EFD}.Release|Any CPU.Build.0 = Release|Any CPU
		{522B19CA-0DCB-48E9-820E-1A471BC99EFD}.VisualTests|Any CPU.ActiveCfg = Debug|Any CPU
		{522B19CA-0DCB-48E9-820E-1A471BC99EFD}.VisualTests|Any CPU.Build.0 = Debug|Any CPU
		{0AB49DB3-1F2A-494A-90DA-FD41EA98D008}.Debug|Any CPU.ActiveCfg = Debug|Any CPU
		{0AB49DB3-1F2A-494A-90DA-FD41EA98D008}.Debug|Any CPU.Build.0 = Debug|Any CPU
		{0AB49DB3-1F2A-494A-90DA-FD41EA98D008}.Release|Any CPU.ActiveCfg = Release|Any CPU
		{0AB49DB3-1F2A-494A-90DA-FD41EA98D008}.Release|Any CPU.Build.0 = Release|Any CPU
		{0AB49DB3-1F2A-494A-90DA-FD41EA98D008}.VisualTests|Any CPU.ActiveCfg = Debug|Any CPU
		{0AB49DB3-1F2A-494A-90DA-FD41EA98D008}.VisualTests|Any CPU.Build.0 = Debug|Any CPU
		{BB454297-16F9-44FA-95C0-FC30772C5729}.Debug|Any CPU.ActiveCfg = Debug|Any CPU
		{BB454297-16F9-44FA-95C0-FC30772C5729}.Debug|Any CPU.Build.0 = Debug|Any CPU
		{BB454297-16F9-44FA-95C0-FC30772C5729}.Release|Any CPU.ActiveCfg = Release|Any CPU
		{BB454297-16F9-44FA-95C0-FC30772C5729}.Release|Any CPU.Build.0 = Release|Any CPU
		{BB454297-16F9-44FA-95C0-FC30772C5729}.VisualTests|Any CPU.ActiveCfg = Debug|Any CPU
		{BB454297-16F9-44FA-95C0-FC30772C5729}.VisualTests|Any CPU.Build.0 = Debug|Any CPU
		{041C6864-2957-4EC7-BB1D-99CF706E45CB}.Debug|Any CPU.ActiveCfg = Debug|Any CPU
		{041C6864-2957-4EC7-BB1D-99CF706E45CB}.Debug|Any CPU.Build.0 = Debug|Any CPU
		{041C6864-2957-4EC7-BB1D-99CF706E45CB}.Release|Any CPU.ActiveCfg = Release|Any CPU
		{041C6864-2957-4EC7-BB1D-99CF706E45CB}.Release|Any CPU.Build.0 = Release|Any CPU
		{041C6864-2957-4EC7-BB1D-99CF706E45CB}.VisualTests|Any CPU.ActiveCfg = Debug|Any CPU
		{041C6864-2957-4EC7-BB1D-99CF706E45CB}.VisualTests|Any CPU.Build.0 = Debug|Any CPU
		{851AA7D7-01F6-4019-8039-E0439CAC4D61}.Debug|Any CPU.ActiveCfg = Debug|Any CPU
		{851AA7D7-01F6-4019-8039-E0439CAC4D61}.Debug|Any CPU.Build.0 = Debug|Any CPU
		{851AA7D7-01F6-4019-8039-E0439CAC4D61}.Release|Any CPU.ActiveCfg = Release|Any CPU
		{851AA7D7-01F6-4019-8039-E0439CAC4D61}.Release|Any CPU.Build.0 = Release|Any CPU
		{851AA7D7-01F6-4019-8039-E0439CAC4D61}.VisualTests|Any CPU.ActiveCfg = Debug|Any CPU
		{851AA7D7-01F6-4019-8039-E0439CAC4D61}.VisualTests|Any CPU.Build.0 = Debug|Any CPU
		{7F309E88-8B00-438C-934C-5895F9670AA0}.Debug|Any CPU.ActiveCfg = Debug|Any CPU
		{7F309E88-8B00-438C-934C-5895F9670AA0}.Debug|Any CPU.Build.0 = Debug|Any CPU
		{7F309E88-8B00-438C-934C-5895F9670AA0}.Release|Any CPU.ActiveCfg = Release|Any CPU
		{7F309E88-8B00-438C-934C-5895F9670AA0}.Release|Any CPU.Build.0 = Release|Any CPU
		{7F309E88-8B00-438C-934C-5895F9670AA0}.VisualTests|Any CPU.ActiveCfg = Debug|Any CPU
		{7F309E88-8B00-438C-934C-5895F9670AA0}.VisualTests|Any CPU.Build.0 = Debug|Any CPU
		{034319FA-34EE-44E5-9782-847E09AAD9A2}.Debug|Any CPU.ActiveCfg = Debug|Any CPU
		{034319FA-34EE-44E5-9782-847E09AAD9A2}.Debug|Any CPU.Build.0 = Debug|Any CPU
		{034319FA-34EE-44E5-9782-847E09AAD9A2}.Release|Any CPU.ActiveCfg = Release|Any CPU
		{034319FA-34EE-44E5-9782-847E09AAD9A2}.Release|Any CPU.Build.0 = Release|Any CPU
		{034319FA-34EE-44E5-9782-847E09AAD9A2}.VisualTests|Any CPU.ActiveCfg = Debug|Any CPU
		{034319FA-34EE-44E5-9782-847E09AAD9A2}.VisualTests|Any CPU.Build.0 = Debug|Any CPU
		{6023C2AC-1C0A-4903-8709-4B80F8102D73}.Debug|Any CPU.ActiveCfg = Debug|Any CPU
		{6023C2AC-1C0A-4903-8709-4B80F8102D73}.Debug|Any CPU.Build.0 = Debug|Any CPU
		{6023C2AC-1C0A-4903-8709-4B80F8102D73}.Release|Any CPU.ActiveCfg = Release|Any CPU
		{6023C2AC-1C0A-4903-8709-4B80F8102D73}.Release|Any CPU.Build.0 = Release|Any CPU
		{6023C2AC-1C0A-4903-8709-4B80F8102D73}.VisualTests|Any CPU.ActiveCfg = Debug|Any CPU
		{6023C2AC-1C0A-4903-8709-4B80F8102D73}.VisualTests|Any CPU.Build.0 = Debug|Any CPU
		{4019DBEA-CE0B-49A2-9E3B-771E7BB7293F}.Debug|Any CPU.ActiveCfg = Debug|Any CPU
		{4019DBEA-CE0B-49A2-9E3B-771E7BB7293F}.Debug|Any CPU.Build.0 = Debug|Any CPU
		{4019DBEA-CE0B-49A2-9E3B-771E7BB7293F}.Release|Any CPU.ActiveCfg = Release|Any CPU
		{4019DBEA-CE0B-49A2-9E3B-771E7BB7293F}.Release|Any CPU.Build.0 = Release|Any CPU
		{4019DBEA-CE0B-49A2-9E3B-771E7BB7293F}.VisualTests|Any CPU.ActiveCfg = Debug|Any CPU
		{4019DBEA-CE0B-49A2-9E3B-771E7BB7293F}.VisualTests|Any CPU.Build.0 = Debug|Any CPU
		{35883C53-8D8D-4635-B91E-C3901D11AB83}.Debug|Any CPU.ActiveCfg = Debug|Any CPU
		{35883C53-8D8D-4635-B91E-C3901D11AB83}.Debug|Any CPU.Build.0 = Debug|Any CPU
		{35883C53-8D8D-4635-B91E-C3901D11AB83}.Release|Any CPU.ActiveCfg = Release|Any CPU
		{35883C53-8D8D-4635-B91E-C3901D11AB83}.Release|Any CPU.Build.0 = Release|Any CPU
		{35883C53-8D8D-4635-B91E-C3901D11AB83}.VisualTests|Any CPU.ActiveCfg = Debug|Any CPU
		{35883C53-8D8D-4635-B91E-C3901D11AB83}.VisualTests|Any CPU.Build.0 = Debug|Any CPU
		{7BC920C7-B3D1-41EB-ABA2-6AA09ACE23DE}.Debug|Any CPU.ActiveCfg = Debug|Any CPU
		{7BC920C7-B3D1-41EB-ABA2-6AA09ACE23DE}.Debug|Any CPU.Build.0 = Debug|Any CPU
		{7BC920C7-B3D1-41EB-ABA2-6AA09ACE23DE}.Release|Any CPU.ActiveCfg = Release|Any CPU
		{7BC920C7-B3D1-41EB-ABA2-6AA09ACE23DE}.Release|Any CPU.Build.0 = Release|Any CPU
		{7BC920C7-B3D1-41EB-ABA2-6AA09ACE23DE}.VisualTests|Any CPU.ActiveCfg = Debug|Any CPU
		{7BC920C7-B3D1-41EB-ABA2-6AA09ACE23DE}.VisualTests|Any CPU.Build.0 = Debug|Any CPU
		{82B5DB92-9799-499F-B48D-29B8B7DA95BB}.Debug|Any CPU.ActiveCfg = Debug|Any CPU
		{82B5DB92-9799-499F-B48D-29B8B7DA95BB}.Debug|Any CPU.Build.0 = Debug|Any CPU
		{82B5DB92-9799-499F-B48D-29B8B7DA95BB}.Release|Any CPU.ActiveCfg = Release|Any CPU
		{82B5DB92-9799-499F-B48D-29B8B7DA95BB}.Release|Any CPU.Build.0 = Release|Any CPU
		{82B5DB92-9799-499F-B48D-29B8B7DA95BB}.VisualTests|Any CPU.ActiveCfg = Debug|Any CPU
		{82B5DB92-9799-499F-B48D-29B8B7DA95BB}.VisualTests|Any CPU.Build.0 = Debug|Any CPU
		{01389A5F-77E7-4935-9A26-B53055A1A37B}.Debug|Any CPU.ActiveCfg = Debug|Any CPU
		{01389A5F-77E7-4935-9A26-B53055A1A37B}.Debug|Any CPU.Build.0 = Debug|Any CPU
		{01389A5F-77E7-4935-9A26-B53055A1A37B}.Release|Any CPU.ActiveCfg = Release|Any CPU
		{01389A5F-77E7-4935-9A26-B53055A1A37B}.Release|Any CPU.Build.0 = Release|Any CPU
		{01389A5F-77E7-4935-9A26-B53055A1A37B}.VisualTests|Any CPU.ActiveCfg = Debug|Any CPU
		{01389A5F-77E7-4935-9A26-B53055A1A37B}.VisualTests|Any CPU.Build.0 = Debug|Any CPU
		{41EB1179-B13F-4E85-A21C-9DE6F9D77986}.Debug|Any CPU.ActiveCfg = Debug|Any CPU
		{41EB1179-B13F-4E85-A21C-9DE6F9D77986}.Debug|Any CPU.Build.0 = Debug|Any CPU
		{41EB1179-B13F-4E85-A21C-9DE6F9D77986}.Release|Any CPU.ActiveCfg = Release|Any CPU
		{41EB1179-B13F-4E85-A21C-9DE6F9D77986}.Release|Any CPU.Build.0 = Release|Any CPU
		{41EB1179-B13F-4E85-A21C-9DE6F9D77986}.VisualTests|Any CPU.ActiveCfg = Debug|Any CPU
		{41EB1179-B13F-4E85-A21C-9DE6F9D77986}.VisualTests|Any CPU.Build.0 = Debug|Any CPU
		{D68551FA-5389-401A-995A-180293F803A2}.Debug|Any CPU.ActiveCfg = Debug|Any CPU
		{D68551FA-5389-401A-995A-180293F803A2}.Debug|Any CPU.Build.0 = Debug|Any CPU
		{D68551FA-5389-401A-995A-180293F803A2}.Release|Any CPU.ActiveCfg = Release|Any CPU
		{D68551FA-5389-401A-995A-180293F803A2}.Release|Any CPU.Build.0 = Release|Any CPU
		{D68551FA-5389-401A-995A-180293F803A2}.VisualTests|Any CPU.ActiveCfg = Debug|Any CPU
		{D68551FA-5389-401A-995A-180293F803A2}.VisualTests|Any CPU.Build.0 = Debug|Any CPU
		{EAD09385-B7F5-42A2-AEE3-65E23B79EC3E}.Debug|Any CPU.ActiveCfg = Debug|Any CPU
		{EAD09385-B7F5-42A2-AEE3-65E23B79EC3E}.Debug|Any CPU.Build.0 = Debug|Any CPU
		{EAD09385-B7F5-42A2-AEE3-65E23B79EC3E}.Release|Any CPU.ActiveCfg = Release|Any CPU
		{EAD09385-B7F5-42A2-AEE3-65E23B79EC3E}.Release|Any CPU.Build.0 = Release|Any CPU
		{EAD09385-B7F5-42A2-AEE3-65E23B79EC3E}.VisualTests|Any CPU.ActiveCfg = Debug|Any CPU
		{EAD09385-B7F5-42A2-AEE3-65E23B79EC3E}.VisualTests|Any CPU.Build.0 = Debug|Any CPU
		{D9408EDB-322B-49E5-A809-D6FA760F8AB6}.Debug|Any CPU.ActiveCfg = Debug|Any CPU
		{D9408EDB-322B-49E5-A809-D6FA760F8AB6}.Debug|Any CPU.Build.0 = Debug|Any CPU
		{D9408EDB-322B-49E5-A809-D6FA760F8AB6}.Release|Any CPU.ActiveCfg = Release|Any CPU
		{D9408EDB-322B-49E5-A809-D6FA760F8AB6}.Release|Any CPU.Build.0 = Release|Any CPU
		{D9408EDB-322B-49E5-A809-D6FA760F8AB6}.VisualTests|Any CPU.ActiveCfg = Debug|Any CPU
		{D9408EDB-322B-49E5-A809-D6FA760F8AB6}.VisualTests|Any CPU.Build.0 = Debug|Any CPU
		{D3E1B537-AF92-41EA-941D-12E7D5891470}.Debug|Any CPU.ActiveCfg = Debug|Any CPU
		{D3E1B537-AF92-41EA-941D-12E7D5891470}.Debug|Any CPU.Build.0 = Debug|Any CPU
		{D3E1B537-AF92-41EA-941D-12E7D5891470}.Release|Any CPU.ActiveCfg = Release|Any CPU
		{D3E1B537-AF92-41EA-941D-12E7D5891470}.Release|Any CPU.Build.0 = Release|Any CPU
		{D3E1B537-AF92-41EA-941D-12E7D5891470}.VisualTests|Any CPU.ActiveCfg = Debug|Any CPU
		{D3E1B537-AF92-41EA-941D-12E7D5891470}.VisualTests|Any CPU.Build.0 = Debug|Any CPU
		{28AAE53B-28D7-4E99-BF25-E55BF3E6B34E}.Debug|Any CPU.ActiveCfg = Debug|Any CPU
		{28AAE53B-28D7-4E99-BF25-E55BF3E6B34E}.Debug|Any CPU.Build.0 = Debug|Any CPU
		{28AAE53B-28D7-4E99-BF25-E55BF3E6B34E}.Release|Any CPU.ActiveCfg = Release|Any CPU
		{28AAE53B-28D7-4E99-BF25-E55BF3E6B34E}.Release|Any CPU.Build.0 = Release|Any CPU
		{28AAE53B-28D7-4E99-BF25-E55BF3E6B34E}.VisualTests|Any CPU.ActiveCfg = Debug|Any CPU
		{28AAE53B-28D7-4E99-BF25-E55BF3E6B34E}.VisualTests|Any CPU.Build.0 = Debug|Any CPU
		{01F9C9FF-6864-45A8-88A4-6FB0957FAC33}.Debug|Any CPU.ActiveCfg = Debug|Any CPU
		{01F9C9FF-6864-45A8-88A4-6FB0957FAC33}.Debug|Any CPU.Build.0 = Debug|Any CPU
		{01F9C9FF-6864-45A8-88A4-6FB0957FAC33}.Release|Any CPU.ActiveCfg = Release|Any CPU
		{01F9C9FF-6864-45A8-88A4-6FB0957FAC33}.Release|Any CPU.Build.0 = Release|Any CPU
		{01F9C9FF-6864-45A8-88A4-6FB0957FAC33}.VisualTests|Any CPU.ActiveCfg = Debug|Any CPU
		{01F9C9FF-6864-45A8-88A4-6FB0957FAC33}.VisualTests|Any CPU.Build.0 = Debug|Any CPU
		{1BC1C54D-F738-4890-824F-DC17426DF3EF}.Debug|Any CPU.ActiveCfg = Debug|Any CPU
		{1BC1C54D-F738-4890-824F-DC17426DF3EF}.Debug|Any CPU.Build.0 = Debug|Any CPU
		{1BC1C54D-F738-4890-824F-DC17426DF3EF}.Release|Any CPU.ActiveCfg = Release|Any CPU
		{1BC1C54D-F738-4890-824F-DC17426DF3EF}.Release|Any CPU.Build.0 = Release|Any CPU
		{1BC1C54D-F738-4890-824F-DC17426DF3EF}.VisualTests|Any CPU.ActiveCfg = Debug|Any CPU
		{1BC1C54D-F738-4890-824F-DC17426DF3EF}.VisualTests|Any CPU.Build.0 = Debug|Any CPU
		{32962554-E724-4EBA-906A-2DA633FFE6BD}.Debug|Any CPU.ActiveCfg = Debug|Any CPU
		{32962554-E724-4EBA-906A-2DA633FFE6BD}.Debug|Any CPU.Build.0 = Debug|Any CPU
		{32962554-E724-4EBA-906A-2DA633FFE6BD}.Release|Any CPU.ActiveCfg = Release|Any CPU
		{32962554-E724-4EBA-906A-2DA633FFE6BD}.Release|Any CPU.Build.0 = Release|Any CPU
		{32962554-E724-4EBA-906A-2DA633FFE6BD}.VisualTests|Any CPU.ActiveCfg = Release|Any CPU
		{32962554-E724-4EBA-906A-2DA633FFE6BD}.VisualTests|Any CPU.Build.0 = Release|Any CPU
		{329603FA-6256-4301-B6F7-B2B5C6858E61}.Debug|Any CPU.ActiveCfg = Debug|Any CPU
		{329603FA-6256-4301-B6F7-B2B5C6858E61}.Debug|Any CPU.Build.0 = Debug|Any CPU
		{329603FA-6256-4301-B6F7-B2B5C6858E61}.Release|Any CPU.ActiveCfg = Release|Any CPU
		{329603FA-6256-4301-B6F7-B2B5C6858E61}.Release|Any CPU.Build.0 = Release|Any CPU
		{329603FA-6256-4301-B6F7-B2B5C6858E61}.VisualTests|Any CPU.ActiveCfg = Release|Any CPU
		{329603FA-6256-4301-B6F7-B2B5C6858E61}.VisualTests|Any CPU.Build.0 = Release|Any CPU
		{1905C266-39D0-49E4-B0F4-1996E411B5F6}.Debug|Any CPU.ActiveCfg = Debug|Any CPU
		{1905C266-39D0-49E4-B0F4-1996E411B5F6}.Debug|Any CPU.Build.0 = Debug|Any CPU
		{1905C266-39D0-49E4-B0F4-1996E411B5F6}.Release|Any CPU.ActiveCfg = Release|Any CPU
		{1905C266-39D0-49E4-B0F4-1996E411B5F6}.Release|Any CPU.Build.0 = Release|Any CPU
		{1905C266-39D0-49E4-B0F4-1996E411B5F6}.VisualTests|Any CPU.ActiveCfg = Debug|Any CPU
		{1905C266-39D0-49E4-B0F4-1996E411B5F6}.VisualTests|Any CPU.Build.0 = Debug|Any CPU
		{1F980986-1046-4C4B-97CE-A82562930366}.Debug|Any CPU.ActiveCfg = Debug|Any CPU
		{1F980986-1046-4C4B-97CE-A82562930366}.Debug|Any CPU.Build.0 = Debug|Any CPU
		{1F980986-1046-4C4B-97CE-A82562930366}.Release|Any CPU.ActiveCfg = Release|Any CPU
		{1F980986-1046-4C4B-97CE-A82562930366}.Release|Any CPU.Build.0 = Release|Any CPU
		{1F980986-1046-4C4B-97CE-A82562930366}.VisualTests|Any CPU.ActiveCfg = Debug|Any CPU
		{1F980986-1046-4C4B-97CE-A82562930366}.VisualTests|Any CPU.Build.0 = Debug|Any CPU
		{122DB846-FB34-4474-B679-F8655CCBF261}.Debug|Any CPU.ActiveCfg = Debug|Any CPU
		{122DB846-FB34-4474-B679-F8655CCBF261}.Debug|Any CPU.Build.0 = Debug|Any CPU
		{122DB846-FB34-4474-B679-F8655CCBF261}.Release|Any CPU.ActiveCfg = Release|Any CPU
		{122DB846-FB34-4474-B679-F8655CCBF261}.Release|Any CPU.Build.0 = Release|Any CPU
		{122DB846-FB34-4474-B679-F8655CCBF261}.VisualTests|Any CPU.ActiveCfg = Release|Any CPU
		{122DB846-FB34-4474-B679-F8655CCBF261}.VisualTests|Any CPU.Build.0 = Release|Any CPU
		{235ECB58-BE12-4038-BE10-BC331FFB41AA}.Debug|Any CPU.ActiveCfg = Debug|Any CPU
		{235ECB58-BE12-4038-BE10-BC331FFB41AA}.Debug|Any CPU.Build.0 = Debug|Any CPU
		{235ECB58-BE12-4038-BE10-BC331FFB41AA}.Release|Any CPU.ActiveCfg = Release|Any CPU
		{235ECB58-BE12-4038-BE10-BC331FFB41AA}.Release|Any CPU.Build.0 = Release|Any CPU
		{235ECB58-BE12-4038-BE10-BC331FFB41AA}.VisualTests|Any CPU.ActiveCfg = Release|Any CPU
		{235ECB58-BE12-4038-BE10-BC331FFB41AA}.VisualTests|Any CPU.Build.0 = Release|Any CPU
		{B586AAB0-7192-40C6-B25D-FBBFDFE08590}.Debug|Any CPU.ActiveCfg = Debug|Any CPU
		{B586AAB0-7192-40C6-B25D-FBBFDFE08590}.Debug|Any CPU.Build.0 = Debug|Any CPU
		{B586AAB0-7192-40C6-B25D-FBBFDFE08590}.Release|Any CPU.ActiveCfg = Release|Any CPU
		{B586AAB0-7192-40C6-B25D-FBBFDFE08590}.Release|Any CPU.Build.0 = Release|Any CPU
		{B586AAB0-7192-40C6-B25D-FBBFDFE08590}.VisualTests|Any CPU.ActiveCfg = Release|Any CPU
		{B586AAB0-7192-40C6-B25D-FBBFDFE08590}.VisualTests|Any CPU.Build.0 = Release|Any CPU
		{C76BF5B3-985E-4D39-95FE-97C9C879B83A}.Debug|Any CPU.ActiveCfg = Debug|Any CPU
		{C76BF5B3-985E-4D39-95FE-97C9C879B83A}.Debug|Any CPU.Build.0 = Debug|Any CPU
		{C76BF5B3-985E-4D39-95FE-97C9C879B83A}.Release|Any CPU.ActiveCfg = Release|Any CPU
		{C76BF5B3-985E-4D39-95FE-97C9C879B83A}.Release|Any CPU.Build.0 = Release|Any CPU
		{C76BF5B3-985E-4D39-95FE-97C9C879B83A}.VisualTests|Any CPU.ActiveCfg = Release|Any CPU
		{C76BF5B3-985E-4D39-95FE-97C9C879B83A}.VisualTests|Any CPU.Build.0 = Release|Any CPU
		{92ACD5D9-5CFF-46ED-A451-2DD914169EA3}.Debug|Any CPU.ActiveCfg = Debug|Any CPU
		{92ACD5D9-5CFF-46ED-A451-2DD914169EA3}.Debug|Any CPU.Build.0 = Debug|Any CPU
		{92ACD5D9-5CFF-46ED-A451-2DD914169EA3}.Release|Any CPU.ActiveCfg = Release|Any CPU
		{92ACD5D9-5CFF-46ED-A451-2DD914169EA3}.Release|Any CPU.Build.0 = Release|Any CPU
		{92ACD5D9-5CFF-46ED-A451-2DD914169EA3}.VisualTests|Any CPU.ActiveCfg = Debug|Any CPU
		{92ACD5D9-5CFF-46ED-A451-2DD914169EA3}.VisualTests|Any CPU.Build.0 = Debug|Any CPU
		{79803407-6F50-484F-93F5-641911EABD8A}.Debug|Any CPU.ActiveCfg = Debug|Any CPU
		{79803407-6F50-484F-93F5-641911EABD8A}.Debug|Any CPU.Build.0 = Debug|Any CPU
		{79803407-6F50-484F-93F5-641911EABD8A}.Release|Any CPU.ActiveCfg = Release|Any CPU
		{79803407-6F50-484F-93F5-641911EABD8A}.Release|Any CPU.Build.0 = Release|Any CPU
		{79803407-6F50-484F-93F5-641911EABD8A}.VisualTests|Any CPU.ActiveCfg = Release|Any CPU
		{79803407-6F50-484F-93F5-641911EABD8A}.VisualTests|Any CPU.Build.0 = Release|Any CPU
		{24933B60-101A-42F7-BA21-43B607886EBA}.Debug|Any CPU.ActiveCfg = Debug|Any CPU
		{24933B60-101A-42F7-BA21-43B607886EBA}.Debug|Any CPU.Build.0 = Debug|Any CPU
		{24933B60-101A-42F7-BA21-43B607886EBA}.Release|Any CPU.ActiveCfg = Release|Any CPU
		{24933B60-101A-42F7-BA21-43B607886EBA}.Release|Any CPU.Build.0 = Release|Any CPU
		{24933B60-101A-42F7-BA21-43B607886EBA}.VisualTests|Any CPU.ActiveCfg = Debug|Any CPU
		{24933B60-101A-42F7-BA21-43B607886EBA}.VisualTests|Any CPU.Build.0 = Debug|Any CPU
		{9ECBBDE4-CA72-4659-8DF7-FBBDC5ACC69C}.Debug|Any CPU.ActiveCfg = Debug|Any CPU
		{9ECBBDE4-CA72-4659-8DF7-FBBDC5ACC69C}.Debug|Any CPU.Build.0 = Debug|Any CPU
		{9ECBBDE4-CA72-4659-8DF7-FBBDC5ACC69C}.Release|Any CPU.ActiveCfg = Release|Any CPU
		{9ECBBDE4-CA72-4659-8DF7-FBBDC5ACC69C}.Release|Any CPU.Build.0 = Release|Any CPU
		{9ECBBDE4-CA72-4659-8DF7-FBBDC5ACC69C}.VisualTests|Any CPU.ActiveCfg = Debug|Any CPU
		{9ECBBDE4-CA72-4659-8DF7-FBBDC5ACC69C}.VisualTests|Any CPU.Build.0 = Debug|Any CPU
		{3EEFD0A1-6813-4BCD-AB1F-10A1D3E29521}.Debug|Any CPU.ActiveCfg = Debug|Any CPU
		{3EEFD0A1-6813-4BCD-AB1F-10A1D3E29521}.Debug|Any CPU.Build.0 = Debug|Any CPU
		{3EEFD0A1-6813-4BCD-AB1F-10A1D3E29521}.Release|Any CPU.ActiveCfg = Release|Any CPU
		{3EEFD0A1-6813-4BCD-AB1F-10A1D3E29521}.Release|Any CPU.Build.0 = Release|Any CPU
		{3EEFD0A1-6813-4BCD-AB1F-10A1D3E29521}.VisualTests|Any CPU.ActiveCfg = Debug|Any CPU
		{3EEFD0A1-6813-4BCD-AB1F-10A1D3E29521}.VisualTests|Any CPU.Build.0 = Debug|Any CPU
		{30BECE80-917B-43A0-9D16-8629F6875FAE}.Debug|Any CPU.ActiveCfg = Debug|Any CPU
		{30BECE80-917B-43A0-9D16-8629F6875FAE}.Debug|Any CPU.Build.0 = Debug|Any CPU
		{30BECE80-917B-43A0-9D16-8629F6875FAE}.Release|Any CPU.ActiveCfg = Release|Any CPU
		{30BECE80-917B-43A0-9D16-8629F6875FAE}.Release|Any CPU.Build.0 = Release|Any CPU
		{30BECE80-917B-43A0-9D16-8629F6875FAE}.VisualTests|Any CPU.ActiveCfg = Release|Any CPU
		{30BECE80-917B-43A0-9D16-8629F6875FAE}.VisualTests|Any CPU.Build.0 = Release|Any CPU
		{A7A10F17-B911-4A6F-AA1B-33579F102F51}.Debug|Any CPU.ActiveCfg = Debug|Any CPU
		{A7A10F17-B911-4A6F-AA1B-33579F102F51}.Debug|Any CPU.Build.0 = Debug|Any CPU
		{A7A10F17-B911-4A6F-AA1B-33579F102F51}.Release|Any CPU.ActiveCfg = Release|Any CPU
		{A7A10F17-B911-4A6F-AA1B-33579F102F51}.Release|Any CPU.Build.0 = Release|Any CPU
		{A7A10F17-B911-4A6F-AA1B-33579F102F51}.VisualTests|Any CPU.ActiveCfg = Debug|Any CPU
		{A7A10F17-B911-4A6F-AA1B-33579F102F51}.VisualTests|Any CPU.Build.0 = Debug|Any CPU
		{90385036-DBAB-4BDA-9C6C-2D2258226975}.Debug|Any CPU.ActiveCfg = Debug|Any CPU
		{90385036-DBAB-4BDA-9C6C-2D2258226975}.Debug|Any CPU.Build.0 = Debug|Any CPU
		{90385036-DBAB-4BDA-9C6C-2D2258226975}.Release|Any CPU.ActiveCfg = Release|Any CPU
		{90385036-DBAB-4BDA-9C6C-2D2258226975}.Release|Any CPU.Build.0 = Release|Any CPU
		{90385036-DBAB-4BDA-9C6C-2D2258226975}.VisualTests|Any CPU.ActiveCfg = Debug|Any CPU
		{90385036-DBAB-4BDA-9C6C-2D2258226975}.VisualTests|Any CPU.Build.0 = Debug|Any CPU
		{71BCD5CA-EC89-49F5-8FB6-E06EE3770696}.Debug|Any CPU.ActiveCfg = Debug|Any CPU
		{71BCD5CA-EC89-49F5-8FB6-E06EE3770696}.Debug|Any CPU.Build.0 = Debug|Any CPU
		{71BCD5CA-EC89-49F5-8FB6-E06EE3770696}.Release|Any CPU.ActiveCfg = Release|Any CPU
		{71BCD5CA-EC89-49F5-8FB6-E06EE3770696}.Release|Any CPU.Build.0 = Release|Any CPU
		{71BCD5CA-EC89-49F5-8FB6-E06EE3770696}.VisualTests|Any CPU.ActiveCfg = Debug|Any CPU
		{71BCD5CA-EC89-49F5-8FB6-E06EE3770696}.VisualTests|Any CPU.Build.0 = Debug|Any CPU
		{8FEEA199-778B-46B5-BFE5-B1D87E2141D5}.Debug|Any CPU.ActiveCfg = Debug|Any CPU
		{8FEEA199-778B-46B5-BFE5-B1D87E2141D5}.Debug|Any CPU.Build.0 = Debug|Any CPU
		{8FEEA199-778B-46B5-BFE5-B1D87E2141D5}.Release|Any CPU.ActiveCfg = Release|Any CPU
		{8FEEA199-778B-46B5-BFE5-B1D87E2141D5}.Release|Any CPU.Build.0 = Release|Any CPU
		{8FEEA199-778B-46B5-BFE5-B1D87E2141D5}.VisualTests|Any CPU.ActiveCfg = Release|Any CPU
		{8FEEA199-778B-46B5-BFE5-B1D87E2141D5}.VisualTests|Any CPU.Build.0 = Release|Any CPU
		{3A4DB26B-44E1-413C-B7F4-86E0E8A2C25A}.Debug|Any CPU.ActiveCfg = Debug|Any CPU
		{3A4DB26B-44E1-413C-B7F4-86E0E8A2C25A}.Debug|Any CPU.Build.0 = Debug|Any CPU
		{3A4DB26B-44E1-413C-B7F4-86E0E8A2C25A}.Release|Any CPU.ActiveCfg = Release|Any CPU
		{3A4DB26B-44E1-413C-B7F4-86E0E8A2C25A}.Release|Any CPU.Build.0 = Release|Any CPU
		{3A4DB26B-44E1-413C-B7F4-86E0E8A2C25A}.VisualTests|Any CPU.ActiveCfg = Release|Any CPU
		{3A4DB26B-44E1-413C-B7F4-86E0E8A2C25A}.VisualTests|Any CPU.Build.0 = Release|Any CPU
		{1466AE55-E82B-4D08-8FBE-60197BD60F60}.Debug|Any CPU.ActiveCfg = Debug|Any CPU
		{1466AE55-E82B-4D08-8FBE-60197BD60F60}.Debug|Any CPU.Build.0 = Debug|Any CPU
		{1466AE55-E82B-4D08-8FBE-60197BD60F60}.Release|Any CPU.ActiveCfg = Release|Any CPU
		{1466AE55-E82B-4D08-8FBE-60197BD60F60}.Release|Any CPU.Build.0 = Release|Any CPU
		{1466AE55-E82B-4D08-8FBE-60197BD60F60}.VisualTests|Any CPU.ActiveCfg = Release|Any CPU
		{1466AE55-E82B-4D08-8FBE-60197BD60F60}.VisualTests|Any CPU.Build.0 = Release|Any CPU
		{8C4BEE0D-E26C-4B77-8B60-33EC619BD134}.Debug|Any CPU.ActiveCfg = Debug|Any CPU
		{8C4BEE0D-E26C-4B77-8B60-33EC619BD134}.Debug|Any CPU.Build.0 = Debug|Any CPU
		{8C4BEE0D-E26C-4B77-8B60-33EC619BD134}.Release|Any CPU.ActiveCfg = Release|Any CPU
		{8C4BEE0D-E26C-4B77-8B60-33EC619BD134}.Release|Any CPU.Build.0 = Release|Any CPU
		{8C4BEE0D-E26C-4B77-8B60-33EC619BD134}.VisualTests|Any CPU.ActiveCfg = Debug|Any CPU
		{8C4BEE0D-E26C-4B77-8B60-33EC619BD134}.VisualTests|Any CPU.Build.0 = Debug|Any CPU
		{C8B8D3BA-1A70-40AE-8726-C496D5949FF9}.Debug|Any CPU.ActiveCfg = Debug|Any CPU
		{C8B8D3BA-1A70-40AE-8726-C496D5949FF9}.Debug|Any CPU.Build.0 = Debug|Any CPU
		{C8B8D3BA-1A70-40AE-8726-C496D5949FF9}.Release|Any CPU.ActiveCfg = Release|Any CPU
		{C8B8D3BA-1A70-40AE-8726-C496D5949FF9}.Release|Any CPU.Build.0 = Release|Any CPU
		{C8B8D3BA-1A70-40AE-8726-C496D5949FF9}.VisualTests|Any CPU.ActiveCfg = Release|Any CPU
		{C8B8D3BA-1A70-40AE-8726-C496D5949FF9}.VisualTests|Any CPU.Build.0 = Release|Any CPU
		{7D74AA2B-A333-4F28-ADD9-1328EB29342C}.Debug|Any CPU.ActiveCfg = Debug|Any CPU
		{7D74AA2B-A333-4F28-ADD9-1328EB29342C}.Debug|Any CPU.Build.0 = Debug|Any CPU
		{7D74AA2B-A333-4F28-ADD9-1328EB29342C}.Release|Any CPU.ActiveCfg = Release|Any CPU
		{7D74AA2B-A333-4F28-ADD9-1328EB29342C}.Release|Any CPU.Build.0 = Release|Any CPU
		{7D74AA2B-A333-4F28-ADD9-1328EB29342C}.VisualTests|Any CPU.ActiveCfg = Release|Any CPU
		{7D74AA2B-A333-4F28-ADD9-1328EB29342C}.VisualTests|Any CPU.Build.0 = Release|Any CPU
		{7E0984EA-CE38-4EE9-B5F8-62E621693BB7}.Debug|Any CPU.ActiveCfg = Debug|Any CPU
		{7E0984EA-CE38-4EE9-B5F8-62E621693BB7}.Debug|Any CPU.Build.0 = Debug|Any CPU
		{7E0984EA-CE38-4EE9-B5F8-62E621693BB7}.Release|Any CPU.ActiveCfg = Release|Any CPU
		{7E0984EA-CE38-4EE9-B5F8-62E621693BB7}.Release|Any CPU.Build.0 = Release|Any CPU
		{7E0984EA-CE38-4EE9-B5F8-62E621693BB7}.VisualTests|Any CPU.ActiveCfg = Debug|Any CPU
		{7E0984EA-CE38-4EE9-B5F8-62E621693BB7}.VisualTests|Any CPU.Build.0 = Debug|Any CPU
		{7DA5A8FE-7670-4520-B2D1-3CC119086079}.Debug|Any CPU.ActiveCfg = Debug|Any CPU
		{7DA5A8FE-7670-4520-B2D1-3CC119086079}.Debug|Any CPU.Build.0 = Debug|Any CPU
		{7DA5A8FE-7670-4520-B2D1-3CC119086079}.Release|Any CPU.ActiveCfg = Release|Any CPU
		{7DA5A8FE-7670-4520-B2D1-3CC119086079}.Release|Any CPU.Build.0 = Release|Any CPU
		{7DA5A8FE-7670-4520-B2D1-3CC119086079}.VisualTests|Any CPU.ActiveCfg = Debug|Any CPU
		{7DA5A8FE-7670-4520-B2D1-3CC119086079}.VisualTests|Any CPU.Build.0 = Debug|Any CPU
		{79335E19-12E2-4F69-AA7E-B071E0427611}.Debug|Any CPU.ActiveCfg = Debug|Any CPU
		{79335E19-12E2-4F69-AA7E-B071E0427611}.Debug|Any CPU.Build.0 = Debug|Any CPU
		{79335E19-12E2-4F69-AA7E-B071E0427611}.Release|Any CPU.ActiveCfg = Release|Any CPU
		{79335E19-12E2-4F69-AA7E-B071E0427611}.Release|Any CPU.Build.0 = Release|Any CPU
		{79335E19-12E2-4F69-AA7E-B071E0427611}.VisualTests|Any CPU.ActiveCfg = Debug|Any CPU
		{79335E19-12E2-4F69-AA7E-B071E0427611}.VisualTests|Any CPU.Build.0 = Debug|Any CPU
		{E3998BCA-9D2D-401E-9960-C082779CD0F3}.Debug|Any CPU.ActiveCfg = Debug|Any CPU
		{E3998BCA-9D2D-401E-9960-C082779CD0F3}.Debug|Any CPU.Build.0 = Debug|Any CPU
		{E3998BCA-9D2D-401E-9960-C082779CD0F3}.Release|Any CPU.ActiveCfg = Release|Any CPU
		{E3998BCA-9D2D-401E-9960-C082779CD0F3}.Release|Any CPU.Build.0 = Release|Any CPU
		{E3998BCA-9D2D-401E-9960-C082779CD0F3}.VisualTests|Any CPU.ActiveCfg = Debug|Any CPU
		{E3998BCA-9D2D-401E-9960-C082779CD0F3}.VisualTests|Any CPU.Build.0 = Debug|Any CPU
		{BF1E7A8F-9C37-4AC7-9B83-33255F6174A6}.Debug|Any CPU.ActiveCfg = Debug|Any CPU
		{BF1E7A8F-9C37-4AC7-9B83-33255F6174A6}.Debug|Any CPU.Build.0 = Debug|Any CPU
		{BF1E7A8F-9C37-4AC7-9B83-33255F6174A6}.Release|Any CPU.ActiveCfg = Release|Any CPU
		{BF1E7A8F-9C37-4AC7-9B83-33255F6174A6}.Release|Any CPU.Build.0 = Release|Any CPU
		{BF1E7A8F-9C37-4AC7-9B83-33255F6174A6}.VisualTests|Any CPU.ActiveCfg = Debug|Any CPU
		{BF1E7A8F-9C37-4AC7-9B83-33255F6174A6}.VisualTests|Any CPU.Build.0 = Debug|Any CPU
	EndGlobalSection
	GlobalSection(SolutionProperties) = preSolution
		HideSolutionNode = FALSE
	EndGlobalSection
	GlobalSection(NestedProjects) = preSolution
		{2A66DD92-ADB1-4994-89E2-C94E04ACDA0D} = {2E8F8089-1BA2-4BBD-9FBE-0CBE82FC5FBA}
		{D9A367C9-4C1A-489F-9B05-A0CEA2B53B58} = {2E8F8089-1BA2-4BBD-9FBE-0CBE82FC5FBA}
		{C92A607B-1FDD-4954-9F92-03FF547D9080} = {2E8F8089-1BA2-4BBD-9FBE-0CBE82FC5FBA}
		{58F6C80C-1253-4A0E-A465-B8C85EBEADF3} = {2E8F8089-1BA2-4BBD-9FBE-0CBE82FC5FBA}
		{F167E17A-7DE6-4AF5-B920-A5112296C695} = {2E8F8089-1BA2-4BBD-9FBE-0CBE82FC5FBA}
		{48F4582B-7687-4621-9CBE-5C24197CB536} = {2E8F8089-1BA2-4BBD-9FBE-0CBE82FC5FBA}
		{54377672-20B1-40AF-8087-5CF73BF3953A} = {2E8F8089-1BA2-4BBD-9FBE-0CBE82FC5FBA}
		{419659FD-72EA-4678-9EB8-B22A746CED70} = {2E8F8089-1BA2-4BBD-9FBE-0CBE82FC5FBA}
		{3AD63355-D6B1-4365-8D31-5652C989BEF1} = {2E8F8089-1BA2-4BBD-9FBE-0CBE82FC5FBA}
		{7E9E9C34-B204-406B-82E2-E01E900699CD} = {2E8F8089-1BA2-4BBD-9FBE-0CBE82FC5FBA}
		{B698561F-FB28-46B1-857E-3CA7B92F9D70} = {2E8F8089-1BA2-4BBD-9FBE-0CBE82FC5FBA}
		{6A2D5D58-0261-4A75-BE84-2BE8B076B7C2} = {2E8F8089-1BA2-4BBD-9FBE-0CBE82FC5FBA}
		{9CF24E82-8B5C-46FF-95C6-22A58081AE2B} = {2E8F8089-1BA2-4BBD-9FBE-0CBE82FC5FBA}
		{69FC0F0C-8860-4452-82F0-718FF9781EB1} = {2E8F8089-1BA2-4BBD-9FBE-0CBE82FC5FBA}
		{814BD1FC-B7A3-4707-A4A6-2FC17E05D53E} = {69FC0F0C-8860-4452-82F0-718FF9781EB1}
		{E507C08A-AA0D-4E33-9332-39685CB8BAA8} = {2E8F8089-1BA2-4BBD-9FBE-0CBE82FC5FBA}
		{C8613068-D6BF-4DD6-BB0B-53844CDCA4AB} = {E507C08A-AA0D-4E33-9332-39685CB8BAA8}
		{99EACE00-0F5D-463E-9252-48907A5A8CC0} = {E507C08A-AA0D-4E33-9332-39685CB8BAA8}
		{259965F8-33FC-4C91-8851-546F18602766} = {E507C08A-AA0D-4E33-9332-39685CB8BAA8}
		{EC03AC85-A848-4775-8634-BA65569C26A2} = {2E8F8089-1BA2-4BBD-9FBE-0CBE82FC5FBA}
		{49FD5644-F1A6-4D98-9060-2F2609FD2DE8} = {2E8F8089-1BA2-4BBD-9FBE-0CBE82FC5FBA}
		{0D2E14F9-49F5-4AF2-8E48-42F1884C182D} = {2E8F8089-1BA2-4BBD-9FBE-0CBE82FC5FBA}
		{F0A41447-2932-492E-A079-61475EA99A17} = {E507C08A-AA0D-4E33-9332-39685CB8BAA8}
		{C81B33BF-C9AE-476A-9275-BE3962D55E69} = {E507C08A-AA0D-4E33-9332-39685CB8BAA8}
		{2DF027A9-1B44-4CA7-BDBB-05021AA44832} = {E507C08A-AA0D-4E33-9332-39685CB8BAA8}
		{50304705-D6C1-4753-9EEA-758EEA547B3D} = {69FC0F0C-8860-4452-82F0-718FF9781EB1}
		{8CC6C49C-9E55-45E4-AE56-11AFA347E9A1} = {E507C08A-AA0D-4E33-9332-39685CB8BAA8}
		{43BF0A83-DC30-4F64-91C3-9C2507F57489} = {E507C08A-AA0D-4E33-9332-39685CB8BAA8}
		{9CDB49D2-FCB9-45D3-8E5C-405EB5173071} = {E507C08A-AA0D-4E33-9332-39685CB8BAA8}
		{65A3A9DE-C681-4654-80D5-EE467304CFCC} = {497BBA56-BC1D-44AD-A916-0C9B972E516C}
		{E06792C2-F912-4B25-BB59-486265518FE0} = {497BBA56-BC1D-44AD-A916-0C9B972E516C}
		{374EE100-FA4E-483B-B304-BB27C20BE873} = {497BBA56-BC1D-44AD-A916-0C9B972E516C}
		{948C629A-71FB-4067-B7D6-538039B996B3} = {497BBA56-BC1D-44AD-A916-0C9B972E516C}
		{570B5E37-93D5-4B3A-BA6F-8A9AB323E141} = {497BBA56-BC1D-44AD-A916-0C9B972E516C}
		{3E856CC1-F79A-45C7-8409-1A3C071749EB} = {497BBA56-BC1D-44AD-A916-0C9B972E516C}
		{522B19CA-0DCB-48E9-820E-1A471BC99EFD} = {497BBA56-BC1D-44AD-A916-0C9B972E516C}
		{0AB49DB3-1F2A-494A-90DA-FD41EA98D008} = {497BBA56-BC1D-44AD-A916-0C9B972E516C}
		{BB454297-16F9-44FA-95C0-FC30772C5729} = {497BBA56-BC1D-44AD-A916-0C9B972E516C}
		{041C6864-2957-4EC7-BB1D-99CF706E45CB} = {497BBA56-BC1D-44AD-A916-0C9B972E516C}
		{851AA7D7-01F6-4019-8039-E0439CAC4D61} = {497BBA56-BC1D-44AD-A916-0C9B972E516C}
		{7F309E88-8B00-438C-934C-5895F9670AA0} = {497BBA56-BC1D-44AD-A916-0C9B972E516C}
		{034319FA-34EE-44E5-9782-847E09AAD9A2} = {497BBA56-BC1D-44AD-A916-0C9B972E516C}
		{C062CA38-05DE-407B-9E3A-25CE9BB2D676} = {497BBA56-BC1D-44AD-A916-0C9B972E516C}
		{6023C2AC-1C0A-4903-8709-4B80F8102D73} = {C062CA38-05DE-407B-9E3A-25CE9BB2D676}
		{40260E58-51E3-441E-92C0-37E9B86DDE07} = {497BBA56-BC1D-44AD-A916-0C9B972E516C}
		{4019DBEA-CE0B-49A2-9E3B-771E7BB7293F} = {40260E58-51E3-441E-92C0-37E9B86DDE07}
		{35883C53-8D8D-4635-B91E-C3901D11AB83} = {40260E58-51E3-441E-92C0-37E9B86DDE07}
		{7BC920C7-B3D1-41EB-ABA2-6AA09ACE23DE} = {40260E58-51E3-441E-92C0-37E9B86DDE07}
		{82B5DB92-9799-499F-B48D-29B8B7DA95BB} = {497BBA56-BC1D-44AD-A916-0C9B972E516C}
		{01389A5F-77E7-4935-9A26-B53055A1A37B} = {497BBA56-BC1D-44AD-A916-0C9B972E516C}
		{41EB1179-B13F-4E85-A21C-9DE6F9D77986} = {497BBA56-BC1D-44AD-A916-0C9B972E516C}
		{D68551FA-5389-401A-995A-180293F803A2} = {40260E58-51E3-441E-92C0-37E9B86DDE07}
		{EAD09385-B7F5-42A2-AEE3-65E23B79EC3E} = {40260E58-51E3-441E-92C0-37E9B86DDE07}
		{D9408EDB-322B-49E5-A809-D6FA760F8AB6} = {40260E58-51E3-441E-92C0-37E9B86DDE07}
		{D3E1B537-AF92-41EA-941D-12E7D5891470} = {C062CA38-05DE-407B-9E3A-25CE9BB2D676}
		{28AAE53B-28D7-4E99-BF25-E55BF3E6B34E} = {40260E58-51E3-441E-92C0-37E9B86DDE07}
		{01F9C9FF-6864-45A8-88A4-6FB0957FAC33} = {40260E58-51E3-441E-92C0-37E9B86DDE07}
		{1BC1C54D-F738-4890-824F-DC17426DF3EF} = {40260E58-51E3-441E-92C0-37E9B86DDE07}
		{32962554-E724-4EBA-906A-2DA633FFE6BD} = {6B41A7DE-CEEE-479B-A816-67A760E0D195}
		{329603FA-6256-4301-B6F7-B2B5C6858E61} = {6B41A7DE-CEEE-479B-A816-67A760E0D195}
		{1905C266-39D0-49E4-B0F4-1996E411B5F6} = {6B41A7DE-CEEE-479B-A816-67A760E0D195}
		{1F980986-1046-4C4B-97CE-A82562930366} = {6B41A7DE-CEEE-479B-A816-67A760E0D195}
		{122DB846-FB34-4474-B679-F8655CCBF261} = {6B41A7DE-CEEE-479B-A816-67A760E0D195}
		{0BBFDCDB-EB9F-4F67-ADE7-E362D3C90A3A} = {6B41A7DE-CEEE-479B-A816-67A760E0D195}
		{235ECB58-BE12-4038-BE10-BC331FFB41AA} = {0BBFDCDB-EB9F-4F67-ADE7-E362D3C90A3A}
		{B586AAB0-7192-40C6-B25D-FBBFDFE08590} = {0BBFDCDB-EB9F-4F67-ADE7-E362D3C90A3A}
		{3A42B2F2-03A3-4995-BC61-71466B5E5EB7} = {6B41A7DE-CEEE-479B-A816-67A760E0D195}
		{C76BF5B3-985E-4D39-95FE-97C9C879B83A} = {3A42B2F2-03A3-4995-BC61-71466B5E5EB7}
		{92ACD5D9-5CFF-46ED-A451-2DD914169EA3} = {3A42B2F2-03A3-4995-BC61-71466B5E5EB7}
		{79803407-6F50-484F-93F5-641911EABD8A} = {3A42B2F2-03A3-4995-BC61-71466B5E5EB7}
		{24933B60-101A-42F7-BA21-43B607886EBA} = {3D04CD3D-5F2E-4A98-BF34-736D3344D45D}
		{9ECBBDE4-CA72-4659-8DF7-FBBDC5ACC69C} = {3D04CD3D-5F2E-4A98-BF34-736D3344D45D}
		{3EEFD0A1-6813-4BCD-AB1F-10A1D3E29521} = {3D04CD3D-5F2E-4A98-BF34-736D3344D45D}
		{30BECE80-917B-43A0-9D16-8629F6875FAE} = {3D04CD3D-5F2E-4A98-BF34-736D3344D45D}
		{547FD5A1-07F8-45A6-A780-B5053D8CD01A} = {3D04CD3D-5F2E-4A98-BF34-736D3344D45D}
		{13E1542C-F26A-4FF8-B59C-902B9D98C3C4} = {3D04CD3D-5F2E-4A98-BF34-736D3344D45D}
		{A7A10F17-B911-4A6F-AA1B-33579F102F51} = {547FD5A1-07F8-45A6-A780-B5053D8CD01A}
		{90385036-DBAB-4BDA-9C6C-2D2258226975} = {547FD5A1-07F8-45A6-A780-B5053D8CD01A}
		{71BCD5CA-EC89-49F5-8FB6-E06EE3770696} = {547FD5A1-07F8-45A6-A780-B5053D8CD01A}
		{8FEEA199-778B-46B5-BFE5-B1D87E2141D5} = {13E1542C-F26A-4FF8-B59C-902B9D98C3C4}
		{3A4DB26B-44E1-413C-B7F4-86E0E8A2C25A} = {13E1542C-F26A-4FF8-B59C-902B9D98C3C4}
		{1466AE55-E82B-4D08-8FBE-60197BD60F60} = {13E1542C-F26A-4FF8-B59C-902B9D98C3C4}
		{8C4BEE0D-E26C-4B77-8B60-33EC619BD134} = {F54A7A46-8433-4B88-9630-A847CC690CAD}
		{C8B8D3BA-1A70-40AE-8726-C496D5949FF9} = {F54A7A46-8433-4B88-9630-A847CC690CAD}
		{7D74AA2B-A333-4F28-ADD9-1328EB29342C} = {F54A7A46-8433-4B88-9630-A847CC690CAD}
		{46EB85AA-47AD-4EE1-9AB1-196DAC7F8531} = {F54A7A46-8433-4B88-9630-A847CC690CAD}
		{C4AD98C6-51B3-4965-94ED-B8E2F5967501} = {F54A7A46-8433-4B88-9630-A847CC690CAD}
		{7E0984EA-CE38-4EE9-B5F8-62E621693BB7} = {46EB85AA-47AD-4EE1-9AB1-196DAC7F8531}
		{7DA5A8FE-7670-4520-B2D1-3CC119086079} = {46EB85AA-47AD-4EE1-9AB1-196DAC7F8531}
		{79335E19-12E2-4F69-AA7E-B071E0427611} = {F54A7A46-8433-4B88-9630-A847CC690CAD}
		{E3998BCA-9D2D-401E-9960-C082779CD0F3} = {F54A7A46-8433-4B88-9630-A847CC690CAD}
		{BF1E7A8F-9C37-4AC7-9B83-33255F6174A6} = {F54A7A46-8433-4B88-9630-A847CC690CAD}
	EndGlobalSection
	GlobalSection(ExtensibilityGlobals) = postSolution
		SolutionGuid = {F351B246-0159-4490-8505-3292A47E0233}
	EndGlobalSection
	GlobalSection(MonoDevelopProperties) = preSolution
		Policies = $0
		$0.TextStylePolicy = $1
		$1.EolMarker = Windows
		$1.inheritsSet = VisualStudio
		$1.inheritsScope = text/plain
		$1.scope = text/x-csharp
		$0.CSharpFormattingPolicy = $2
		$2.IndentSwitchSection = True
		$2.NewLinesForBracesInProperties = True
		$2.NewLinesForBracesInAccessors = True
		$2.NewLinesForBracesInAnonymousMethods = True
		$2.NewLinesForBracesInControlBlocks = True
		$2.NewLinesForBracesInAnonymousTypes = True
		$2.NewLinesForBracesInObjectCollectionArrayInitializers = True
		$2.NewLinesForBracesInLambdaExpressionBody = True
		$2.NewLineForElse = True
		$2.NewLineForCatch = True
		$2.NewLineForFinally = True
		$2.NewLineForMembersInObjectInit = True
		$2.NewLineForMembersInAnonymousTypes = True
		$2.NewLineForClausesInQuery = True
		$2.SpacingAfterMethodDeclarationName = False
		$2.SpaceAfterMethodCallName = False
		$2.SpaceBeforeOpenSquareBracket = False
		$2.inheritsSet = Mono
		$2.inheritsScope = text/x-csharp
		$2.scope = text/x-csharp
	EndGlobalSection
	GlobalSection(MonoDevelopProperties) = preSolution
		Policies = $0
		$0.TextStylePolicy = $1
		$1.EolMarker = Windows
		$1.inheritsSet = VisualStudio
		$1.inheritsScope = text/plain
		$1.scope = text/x-csharp
		$0.CSharpFormattingPolicy = $2
		$2.IndentSwitchSection = True
		$2.NewLinesForBracesInProperties = True
		$2.NewLinesForBracesInAccessors = True
		$2.NewLinesForBracesInAnonymousMethods = True
		$2.NewLinesForBracesInControlBlocks = True
		$2.NewLinesForBracesInAnonymousTypes = True
		$2.NewLinesForBracesInObjectCollectionArrayInitializers = True
		$2.NewLinesForBracesInLambdaExpressionBody = True
		$2.NewLineForElse = True
		$2.NewLineForCatch = True
		$2.NewLineForFinally = True
		$2.NewLineForMembersInObjectInit = True
		$2.NewLineForMembersInAnonymousTypes = True
		$2.NewLineForClausesInQuery = True
		$2.SpacingAfterMethodDeclarationName = False
		$2.SpaceAfterMethodCallName = False
		$2.SpaceBeforeOpenSquareBracket = False
		$2.inheritsSet = Mono
		$2.inheritsScope = text/x-csharp
		$2.scope = text/x-csharp
	EndGlobalSection
	GlobalSection(MonoDevelopProperties) = preSolution
		Policies = $0
		$0.TextStylePolicy = $1
		$1.EolMarker = Windows
		$1.inheritsSet = VisualStudio
		$1.inheritsScope = text/plain
		$1.scope = text/x-csharp
		$0.CSharpFormattingPolicy = $2
		$2.IndentSwitchSection = True
		$2.NewLinesForBracesInProperties = True
		$2.NewLinesForBracesInAccessors = True
		$2.NewLinesForBracesInAnonymousMethods = True
		$2.NewLinesForBracesInControlBlocks = True
		$2.NewLinesForBracesInAnonymousTypes = True
		$2.NewLinesForBracesInObjectCollectionArrayInitializers = True
		$2.NewLinesForBracesInLambdaExpressionBody = True
		$2.NewLineForElse = True
		$2.NewLineForCatch = True
		$2.NewLineForFinally = True
		$2.NewLineForMembersInObjectInit = True
		$2.NewLineForMembersInAnonymousTypes = True
		$2.NewLineForClausesInQuery = True
		$2.SpacingAfterMethodDeclarationName = False
		$2.SpaceAfterMethodCallName = False
		$2.SpaceBeforeOpenSquareBracket = False
		$2.inheritsSet = Mono
		$2.inheritsScope = text/x-csharp
		$2.scope = text/x-csharp
	EndGlobalSection
	GlobalSection(MonoDevelopProperties) = preSolution
		Policies = $0
		$0.TextStylePolicy = $1
		$1.EolMarker = Windows
		$1.inheritsSet = VisualStudio
		$1.inheritsScope = text/plain
		$1.scope = text/x-csharp
		$0.CSharpFormattingPolicy = $2
		$2.IndentSwitchSection = True
		$2.NewLinesForBracesInProperties = True
		$2.NewLinesForBracesInAccessors = True
		$2.NewLinesForBracesInAnonymousMethods = True
		$2.NewLinesForBracesInControlBlocks = True
		$2.NewLinesForBracesInAnonymousTypes = True
		$2.NewLinesForBracesInObjectCollectionArrayInitializers = True
		$2.NewLinesForBracesInLambdaExpressionBody = True
		$2.NewLineForElse = True
		$2.NewLineForCatch = True
		$2.NewLineForFinally = True
		$2.NewLineForMembersInObjectInit = True
		$2.NewLineForMembersInAnonymousTypes = True
		$2.NewLineForClausesInQuery = True
		$2.SpacingAfterMethodDeclarationName = False
		$2.SpaceAfterMethodCallName = False
		$2.SpaceBeforeOpenSquareBracket = False
		$2.inheritsSet = Mono
		$2.inheritsScope = text/x-csharp
		$2.scope = text/x-csharp
	EndGlobalSection
	GlobalSection(MonoDevelopProperties) = preSolution
		Policies = $0
		$0.TextStylePolicy = $1
		$1.EolMarker = Windows
		$1.inheritsSet = VisualStudio
		$1.inheritsScope = text/plain
		$1.scope = text/x-csharp
		$0.CSharpFormattingPolicy = $2
		$2.IndentSwitchSection = True
		$2.NewLinesForBracesInProperties = True
		$2.NewLinesForBracesInAccessors = True
		$2.NewLinesForBracesInAnonymousMethods = True
		$2.NewLinesForBracesInControlBlocks = True
		$2.NewLinesForBracesInAnonymousTypes = True
		$2.NewLinesForBracesInObjectCollectionArrayInitializers = True
		$2.NewLinesForBracesInLambdaExpressionBody = True
		$2.NewLineForElse = True
		$2.NewLineForCatch = True
		$2.NewLineForFinally = True
		$2.NewLineForMembersInObjectInit = True
		$2.NewLineForMembersInAnonymousTypes = True
		$2.NewLineForClausesInQuery = True
		$2.SpacingAfterMethodDeclarationName = False
		$2.SpaceAfterMethodCallName = False
		$2.SpaceBeforeOpenSquareBracket = False
		$2.inheritsSet = Mono
		$2.inheritsScope = text/x-csharp
		$2.scope = text/x-csharp
	EndGlobalSection
	GlobalSection(MonoDevelopProperties) = preSolution
		Policies = $0
		$0.TextStylePolicy = $1
		$1.EolMarker = Windows
		$1.inheritsSet = VisualStudio
		$1.inheritsScope = text/plain
		$1.scope = text/x-csharp
		$0.CSharpFormattingPolicy = $2
		$2.IndentSwitchSection = True
		$2.NewLinesForBracesInProperties = True
		$2.NewLinesForBracesInAccessors = True
		$2.NewLinesForBracesInAnonymousMethods = True
		$2.NewLinesForBracesInControlBlocks = True
		$2.NewLinesForBracesInAnonymousTypes = True
		$2.NewLinesForBracesInObjectCollectionArrayInitializers = True
		$2.NewLinesForBracesInLambdaExpressionBody = True
		$2.NewLineForElse = True
		$2.NewLineForCatch = True
		$2.NewLineForFinally = True
		$2.NewLineForMembersInObjectInit = True
		$2.NewLineForMembersInAnonymousTypes = True
		$2.NewLineForClausesInQuery = True
		$2.SpacingAfterMethodDeclarationName = False
		$2.SpaceAfterMethodCallName = False
		$2.SpaceBeforeOpenSquareBracket = False
		$2.inheritsSet = Mono
		$2.inheritsScope = text/x-csharp
		$2.scope = text/x-csharp
	EndGlobalSection
	GlobalSection(MonoDevelopProperties) = preSolution
		Policies = $0
		$0.TextStylePolicy = $1
		$1.EolMarker = Windows
		$1.inheritsSet = VisualStudio
		$1.inheritsScope = text/plain
		$1.scope = text/x-csharp
		$0.CSharpFormattingPolicy = $2
		$2.IndentSwitchSection = True
		$2.NewLinesForBracesInProperties = True
		$2.NewLinesForBracesInAccessors = True
		$2.NewLinesForBracesInAnonymousMethods = True
		$2.NewLinesForBracesInControlBlocks = True
		$2.NewLinesForBracesInAnonymousTypes = True
		$2.NewLinesForBracesInObjectCollectionArrayInitializers = True
		$2.NewLinesForBracesInLambdaExpressionBody = True
		$2.NewLineForElse = True
		$2.NewLineForCatch = True
		$2.NewLineForFinally = True
		$2.NewLineForMembersInObjectInit = True
		$2.NewLineForMembersInAnonymousTypes = True
		$2.NewLineForClausesInQuery = True
		$2.SpacingAfterMethodDeclarationName = False
		$2.SpaceAfterMethodCallName = False
		$2.SpaceBeforeOpenSquareBracket = False
		$2.inheritsSet = Mono
		$2.inheritsScope = text/x-csharp
		$2.scope = text/x-csharp
	EndGlobalSection
	GlobalSection(MonoDevelopProperties) = preSolution
		Policies = $0
		$0.TextStylePolicy = $1
		$1.EolMarker = Windows
		$1.inheritsSet = VisualStudio
		$1.inheritsScope = text/plain
		$1.scope = text/x-csharp
		$0.CSharpFormattingPolicy = $2
		$2.IndentSwitchSection = True
		$2.NewLinesForBracesInProperties = True
		$2.NewLinesForBracesInAccessors = True
		$2.NewLinesForBracesInAnonymousMethods = True
		$2.NewLinesForBracesInControlBlocks = True
		$2.NewLinesForBracesInAnonymousTypes = True
		$2.NewLinesForBracesInObjectCollectionArrayInitializers = True
		$2.NewLinesForBracesInLambdaExpressionBody = True
		$2.NewLineForElse = True
		$2.NewLineForCatch = True
		$2.NewLineForFinally = True
		$2.NewLineForMembersInObjectInit = True
		$2.NewLineForMembersInAnonymousTypes = True
		$2.NewLineForClausesInQuery = True
		$2.SpacingAfterMethodDeclarationName = False
		$2.SpaceAfterMethodCallName = False
		$2.SpaceBeforeOpenSquareBracket = False
		$2.inheritsSet = Mono
		$2.inheritsScope = text/x-csharp
		$2.scope = text/x-csharp
	EndGlobalSection
	GlobalSection(MonoDevelopProperties) = preSolution
		Policies = $0
		$0.TextStylePolicy = $1
		$1.EolMarker = Windows
		$1.inheritsSet = VisualStudio
		$1.inheritsScope = text/plain
		$1.scope = text/x-csharp
		$0.CSharpFormattingPolicy = $2
		$2.IndentSwitchSection = True
		$2.NewLinesForBracesInProperties = True
		$2.NewLinesForBracesInAccessors = True
		$2.NewLinesForBracesInAnonymousMethods = True
		$2.NewLinesForBracesInControlBlocks = True
		$2.NewLinesForBracesInAnonymousTypes = True
		$2.NewLinesForBracesInObjectCollectionArrayInitializers = True
		$2.NewLinesForBracesInLambdaExpressionBody = True
		$2.NewLineForElse = True
		$2.NewLineForCatch = True
		$2.NewLineForFinally = True
		$2.NewLineForMembersInObjectInit = True
		$2.NewLineForMembersInAnonymousTypes = True
		$2.NewLineForClausesInQuery = True
		$2.SpacingAfterMethodDeclarationName = False
		$2.SpaceAfterMethodCallName = False
		$2.SpaceBeforeOpenSquareBracket = False
		$2.inheritsSet = Mono
		$2.inheritsScope = text/x-csharp
		$2.scope = text/x-csharp
	EndGlobalSection
	GlobalSection(MonoDevelopProperties) = preSolution
		Policies = $0
		$0.TextStylePolicy = $1
		$1.EolMarker = Windows
		$1.inheritsSet = VisualStudio
		$1.inheritsScope = text/plain
		$1.scope = text/x-csharp
		$0.CSharpFormattingPolicy = $2
		$2.IndentSwitchSection = True
		$2.NewLinesForBracesInProperties = True
		$2.NewLinesForBracesInAccessors = True
		$2.NewLinesForBracesInAnonymousMethods = True
		$2.NewLinesForBracesInControlBlocks = True
		$2.NewLinesForBracesInAnonymousTypes = True
		$2.NewLinesForBracesInObjectCollectionArrayInitializers = True
		$2.NewLinesForBracesInLambdaExpressionBody = True
		$2.NewLineForElse = True
		$2.NewLineForCatch = True
		$2.NewLineForFinally = True
		$2.NewLineForMembersInObjectInit = True
		$2.NewLineForMembersInAnonymousTypes = True
		$2.NewLineForClausesInQuery = True
		$2.SpacingAfterMethodDeclarationName = False
		$2.SpaceAfterMethodCallName = False
		$2.SpaceBeforeOpenSquareBracket = False
		$2.inheritsSet = Mono
		$2.inheritsScope = text/x-csharp
		$2.scope = text/x-csharp
	EndGlobalSection
	GlobalSection(MonoDevelopProperties) = preSolution
		Policies = $0
		$0.TextStylePolicy = $1
		$1.EolMarker = Windows
		$1.inheritsSet = VisualStudio
		$1.inheritsScope = text/plain
		$1.scope = text/x-csharp
		$0.CSharpFormattingPolicy = $2
		$2.IndentSwitchSection = True
		$2.NewLinesForBracesInProperties = True
		$2.NewLinesForBracesInAccessors = True
		$2.NewLinesForBracesInAnonymousMethods = True
		$2.NewLinesForBracesInControlBlocks = True
		$2.NewLinesForBracesInAnonymousTypes = True
		$2.NewLinesForBracesInObjectCollectionArrayInitializers = True
		$2.NewLinesForBracesInLambdaExpressionBody = True
		$2.NewLineForElse = True
		$2.NewLineForCatch = True
		$2.NewLineForFinally = True
		$2.NewLineForMembersInObjectInit = True
		$2.NewLineForMembersInAnonymousTypes = True
		$2.NewLineForClausesInQuery = True
		$2.SpacingAfterMethodDeclarationName = False
		$2.SpaceAfterMethodCallName = False
		$2.SpaceBeforeOpenSquareBracket = False
		$2.inheritsSet = Mono
		$2.inheritsScope = text/x-csharp
		$2.scope = text/x-csharp
	EndGlobalSection
EndGlobal
