
Microsoft Visual Studio Solution File, Format Version 12.00
# Visual Studio 15
VisualStudioVersion = 15.0.27004.2006
MinimumVisualStudioVersion = 10.0.40219.1
Project("{9A19103F-16F7-4668-BE54-9A1E7A4F7556}") = "Symcol.Server", "Symcol.Server\Symcol.Server.csproj", "{FBDB7628-34B6-4EEF-A7CF-95E307EF0A64}"
EndProject
Project("{9A19103F-16F7-4668-BE54-9A1E7A4F7556}") = "Symcol.Server.Desktop", "Symcol.Server.Desktop\Symcol.Server.Desktop.csproj", "{E869B5D2-AE5F-4020-A7FC-81AD3643609E}"
EndProject
Project("{9A19103F-16F7-4668-BE54-9A1E7A4F7556}") = "Symcol.Server.Mod.osu", "Symcol.Server.Mod.osu\Symcol.Server.Mod.osu.csproj", "{E07F72AD-C99C-4A6D-8A20-45B54A04A569}"
EndProject
Project("{2150E333-8FDC-42A3-9474-1A3956D46DE8}") = "Symcol.Core", "Symcol.Core", "{DFD2B334-EC58-41F3-A026-0323D73B22F5}"
EndProject
Project("{9A19103F-16F7-4668-BE54-9A1E7A4F7556}") = "osu.Framework", "Symcol.Core\osu-framework\osu.Framework\osu.Framework.csproj", "{E7393D46-180C-4850-9221-EA7070644CCC}"
EndProject
Project("{9A19103F-16F7-4668-BE54-9A1E7A4F7556}") = "SampleGame", "Symcol.Core\osu-framework\SampleGame\SampleGame.csproj", "{2A66DD92-ADB1-4994-89E2-C94E04ACDA0D}"
EndProject
Project("{9A19103F-16F7-4668-BE54-9A1E7A4F7556}") = "osu.Framework.Tests", "Symcol.Core\osu-framework\osu.Framework.Tests\osu.Framework.Tests.csproj", "{B1C0EDA8-11BF-4CA0-AC9A-B285CB17E02E}"
EndProject
Project("{2150E333-8FDC-42A3-9474-1A3956D46DE8}") = "osu-framework", "osu-framework", "{F8DA06CB-5742-4CA3-8414-0ED4A72A9998}"
EndProject
Project("{9A19103F-16F7-4668-BE54-9A1E7A4F7556}") = "Symcol.Base", "Symcol.Core\Symcol.Base\Symcol.Base.csproj", "{D6A862DD-0B02-4D95-BA3D-482474131FFE}"
EndProject
Project("{9A19103F-16F7-4668-BE54-9A1E7A4F7556}") = "Symcol.NeuralNetworking", "Symcol.Core\Symcol.NeuralNetworking\Symcol.NeuralNetworking.csproj", "{F1A6967F-BC49-48C2-ACA0-C5F6FFE94C40}"
EndProject
Project("{9A19103F-16F7-4668-BE54-9A1E7A4F7556}") = "Symcol.Networking", "Symcol.Core\Symcol.Networking\Symcol.Networking.csproj", "{3F8073B7-04A5-4F0A-AB13-4DF1EFB1268C}"
EndProject
Project("{2150E333-8FDC-42A3-9474-1A3956D46DE8}") = "osu", "osu", "{E6C94AE6-539A-406A-B395-626DC6E23AA4}"
EndProject
Project("{9A19103F-16F7-4668-BE54-9A1E7A4F7556}") = "Symcol.IO", "Symcol.Core\Symcol.IO\Symcol.IO.csproj", "{97D54FA8-F3CA-4031-B45C-4E839F9FA306}"
EndProject
Project("{9A19103F-16F7-4668-BE54-9A1E7A4F7556}") = "Symcol.Worlds", "Symcol.Core\Symcol.Worlds\Symcol.Worlds.csproj", "{FD0EBE1C-0BC0-4C55-92A3-C484B6C9A6CA}"
EndProject
Project("{9A19103F-16F7-4668-BE54-9A1E7A4F7556}") = "osu.Game", "osu\osu.Game\osu.Game.csproj", "{D85EB20B-9298-43E9-B1C7-320EC0F7CE2C}"
EndProject
Project("{9A19103F-16F7-4668-BE54-9A1E7A4F7556}") = "osu.Game.Resources", "osu\osu-resources\osu.Game.Resources\osu.Game.Resources.csproj", "{D9A367C9-4C1A-489F-9B05-A0CEA2B53B58}"
EndProject
Project("{9A19103F-16F7-4668-BE54-9A1E7A4F7556}") = "osu.Game.Rulesets.Osu", "osu\osu.Game.Rulesets.Osu\osu.Game.Rulesets.Osu.csproj", "{C92A607B-1FDD-4954-9F92-03FF547D9080}"
EndProject
Project("{9A19103F-16F7-4668-BE54-9A1E7A4F7556}") = "osu.Game.Rulesets.Catch", "osu\osu.Game.Rulesets.Catch\osu.Game.Rulesets.Catch.csproj", "{58F6C80C-1253-4A0E-A465-B8C85EBEADF3}"
EndProject
Project("{9A19103F-16F7-4668-BE54-9A1E7A4F7556}") = "osu.Game.Rulesets.Taiko", "osu\osu.Game.Rulesets.Taiko\osu.Game.Rulesets.Taiko.csproj", "{F167E17A-7DE6-4AF5-B920-A5112296C695}"
EndProject
Project("{9A19103F-16F7-4668-BE54-9A1E7A4F7556}") = "osu.Game.Rulesets.Mania", "osu\osu.Game.Rulesets.Mania\osu.Game.Rulesets.Mania.csproj", "{48F4582B-7687-4621-9CBE-5C24197CB536}"
EndProject
Project("{9A19103F-16F7-4668-BE54-9A1E7A4F7556}") = "osu.Game.Tests", "osu\osu.Game.Tests\osu.Game.Tests.csproj", "{54377672-20B1-40AF-8087-5CF73BF3953A}"
EndProject
Project("{9A19103F-16F7-4668-BE54-9A1E7A4F7556}") = "osu.Desktop", "osu\osu.Desktop\osu.Desktop.csproj", "{419659FD-72EA-4678-9EB8-B22A746CED70}"
EndProject
Project("{9A19103F-16F7-4668-BE54-9A1E7A4F7556}") = "osu.Game.Rulesets.Catch.Tests", "osu\osu.Game.Rulesets.Catch.Tests\osu.Game.Rulesets.Catch.Tests.csproj", "{3AD63355-D6B1-4365-8D31-5652C989BEF1}"
EndProject
Project("{9A19103F-16F7-4668-BE54-9A1E7A4F7556}") = "osu.Game.Rulesets.Mania.Tests", "osu\osu.Game.Rulesets.Mania.Tests\osu.Game.Rulesets.Mania.Tests.csproj", "{7E9E9C34-B204-406B-82E2-E01E900699CD}"
EndProject
Project("{9A19103F-16F7-4668-BE54-9A1E7A4F7556}") = "osu.Game.Rulesets.Taiko.Tests", "osu\osu.Game.Rulesets.Taiko.Tests\osu.Game.Rulesets.Taiko.Tests.csproj", "{B698561F-FB28-46B1-857E-3CA7B92F9D70}"
EndProject
Project("{9A19103F-16F7-4668-BE54-9A1E7A4F7556}") = "osu.Game.Rulesets.Osu.Tests", "osu\osu.Game.Rulesets.Osu.Tests\osu.Game.Rulesets.Osu.Tests.csproj", "{6A2D5D58-0261-4A75-BE84-2BE8B076B7C2}"
EndProject
Project("{2150E333-8FDC-42A3-9474-1A3956D46DE8}") = "Symcol.Core", "Symcol.Core", "{C3F7E057-DE37-418D-8504-A518838731D2}"
EndProject
Project("{2150E333-8FDC-42A3-9474-1A3956D46DE8}") = "Symcol.osu", "Symcol.osu", "{8F8B94C1-05A4-4363-82EA-70F45EA25734}"
EndProject
Project("{2150E333-8FDC-42A3-9474-1A3956D46DE8}") = "osu-framework", "osu-framework", "{062A4E9D-E5BC-4232-94F1-0161692203B6}"
EndProject
Project("{2150E333-8FDC-42A3-9474-1A3956D46DE8}") = "Rulesets", "Rulesets", "{5581B540-69E1-47AB-B12C-8CDC33FF038D}"
EndProject
Project("{2150E333-8FDC-42A3-9474-1A3956D46DE8}") = "Tests", "Tests", "{647429BB-8759-451E-BA96-300F41554B2C}"
EndProject
Project("{9A19103F-16F7-4668-BE54-9A1E7A4F7556}") = "Symcol.Resources", "Symcol.Core\Symcol.Resources\Symcol.Resources.csproj", "{C884E8B3-D8BE-44A3-86AF-A2D941C53D6F}"
EndProject
Project("{9A19103F-16F7-4668-BE54-9A1E7A4F7556}") = "osu.Core", "osu\Symcol.osu\osu.Core\osu.Core.csproj", "{E43A675F-73C1-4AB8-B902-79918F0A63C8}"
EndProject
Project("{9A19103F-16F7-4668-BE54-9A1E7A4F7556}") = "osu.Mods.MapMixer", "osu\Symcol.osu\osu.Mods.MapMixer\osu.Mods.MapMixer.csproj", "{0895C4F9-68CC-4A00-BF2A-CB05A8BB0628}"
EndProject
Project("{9A19103F-16F7-4668-BE54-9A1E7A4F7556}") = "osu.Mods.Evast", "osu\Symcol.osu\osu.Mods.Evast\osu.Mods.Evast.csproj", "{ACC9F5F8-E93B-46FF-904D-372C4B60E0D1}"
EndProject
Project("{9A19103F-16F7-4668-BE54-9A1E7A4F7556}") = "osu.Mods.Rulesets.Core", "osu\Symcol.osu\osu.Mods.Rulesets.Core\osu.Mods.Rulesets.Core.csproj", "{48F10C1E-AB8E-4DFC-8F0A-0D24B0A39D5E}"
EndProject
Project("{9A19103F-16F7-4668-BE54-9A1E7A4F7556}") = "osu.Mods.Multi", "osu\Symcol.osu\osu.Mods.Multi\osu.Mods.Multi.csproj", "{F816F27D-B158-48A1-87C7-4614E823F3FC}"
EndProject
Project("{9A19103F-16F7-4668-BE54-9A1E7A4F7556}") = "osu.Game.Rulesets.Vitaru", "osu\osu.Game.Rulesets.Vitaru\osu.Game.Rulesets.Vitaru.csproj", "{3FF13276-85FB-4545-8453-C91786963D3A}"
EndProject
Project("{9A19103F-16F7-4668-BE54-9A1E7A4F7556}") = "osu.Game.Rulesets.Classic", "osu\osu.Game.Rulesets.Classic\osu.Game.Rulesets.Classic.csproj", "{1581B20E-5C35-404D-8435-54AB2AF5D500}"
EndProject
Project("{9A19103F-16F7-4668-BE54-9A1E7A4F7556}") = "Vitaru.ChapterSets.TeamOsu", "osu\Symcol.osu\Vitaru.ChapterSets.TeamOsu\Vitaru.ChapterSets.TeamOsu.csproj", "{756FF62D-813A-4DF0-B8B8-08F3D119B8FC}"
EndProject
Global
	GlobalSection(SolutionConfigurationPlatforms) = preSolution
		Debug|Any CPU = Debug|Any CPU
		Release|Any CPU = Release|Any CPU
		VisualTests|Any CPU = VisualTests|Any CPU
	EndGlobalSection
	GlobalSection(ProjectConfigurationPlatforms) = postSolution
		{FBDB7628-34B6-4EEF-A7CF-95E307EF0A64}.Debug|Any CPU.ActiveCfg = Debug|Any CPU
		{FBDB7628-34B6-4EEF-A7CF-95E307EF0A64}.Debug|Any CPU.Build.0 = Debug|Any CPU
		{FBDB7628-34B6-4EEF-A7CF-95E307EF0A64}.Release|Any CPU.ActiveCfg = Release|Any CPU
		{FBDB7628-34B6-4EEF-A7CF-95E307EF0A64}.Release|Any CPU.Build.0 = Release|Any CPU
		{FBDB7628-34B6-4EEF-A7CF-95E307EF0A64}.VisualTests|Any CPU.ActiveCfg = Release|Any CPU
		{FBDB7628-34B6-4EEF-A7CF-95E307EF0A64}.VisualTests|Any CPU.Build.0 = Release|Any CPU
		{E869B5D2-AE5F-4020-A7FC-81AD3643609E}.Debug|Any CPU.ActiveCfg = Debug|Any CPU
		{E869B5D2-AE5F-4020-A7FC-81AD3643609E}.Debug|Any CPU.Build.0 = Debug|Any CPU
		{E869B5D2-AE5F-4020-A7FC-81AD3643609E}.Release|Any CPU.ActiveCfg = Release|Any CPU
		{E869B5D2-AE5F-4020-A7FC-81AD3643609E}.Release|Any CPU.Build.0 = Release|Any CPU
		{E869B5D2-AE5F-4020-A7FC-81AD3643609E}.VisualTests|Any CPU.ActiveCfg = Release|Any CPU
		{E869B5D2-AE5F-4020-A7FC-81AD3643609E}.VisualTests|Any CPU.Build.0 = Release|Any CPU
		{E07F72AD-C99C-4A6D-8A20-45B54A04A569}.Debug|Any CPU.ActiveCfg = Debug|Any CPU
		{E07F72AD-C99C-4A6D-8A20-45B54A04A569}.Debug|Any CPU.Build.0 = Debug|Any CPU
		{E07F72AD-C99C-4A6D-8A20-45B54A04A569}.Release|Any CPU.ActiveCfg = Release|Any CPU
		{E07F72AD-C99C-4A6D-8A20-45B54A04A569}.Release|Any CPU.Build.0 = Release|Any CPU
		{E07F72AD-C99C-4A6D-8A20-45B54A04A569}.VisualTests|Any CPU.ActiveCfg = Release|Any CPU
		{E07F72AD-C99C-4A6D-8A20-45B54A04A569}.VisualTests|Any CPU.Build.0 = Release|Any CPU
		{E7393D46-180C-4850-9221-EA7070644CCC}.Debug|Any CPU.ActiveCfg = Debug|Any CPU
		{E7393D46-180C-4850-9221-EA7070644CCC}.Debug|Any CPU.Build.0 = Debug|Any CPU
		{E7393D46-180C-4850-9221-EA7070644CCC}.Release|Any CPU.ActiveCfg = Release|Any CPU
		{E7393D46-180C-4850-9221-EA7070644CCC}.Release|Any CPU.Build.0 = Release|Any CPU
		{E7393D46-180C-4850-9221-EA7070644CCC}.VisualTests|Any CPU.ActiveCfg = Debug|Any CPU
		{E7393D46-180C-4850-9221-EA7070644CCC}.VisualTests|Any CPU.Build.0 = Debug|Any CPU
		{2A66DD92-ADB1-4994-89E2-C94E04ACDA0D}.Debug|Any CPU.ActiveCfg = Debug|Any CPU
		{2A66DD92-ADB1-4994-89E2-C94E04ACDA0D}.Debug|Any CPU.Build.0 = Debug|Any CPU
		{2A66DD92-ADB1-4994-89E2-C94E04ACDA0D}.Release|Any CPU.ActiveCfg = Release|Any CPU
		{2A66DD92-ADB1-4994-89E2-C94E04ACDA0D}.Release|Any CPU.Build.0 = Release|Any CPU
		{2A66DD92-ADB1-4994-89E2-C94E04ACDA0D}.VisualTests|Any CPU.ActiveCfg = Release|Any CPU
		{2A66DD92-ADB1-4994-89E2-C94E04ACDA0D}.VisualTests|Any CPU.Build.0 = Release|Any CPU
		{B1C0EDA8-11BF-4CA0-AC9A-B285CB17E02E}.Debug|Any CPU.ActiveCfg = Debug|Any CPU
		{B1C0EDA8-11BF-4CA0-AC9A-B285CB17E02E}.Debug|Any CPU.Build.0 = Debug|Any CPU
		{B1C0EDA8-11BF-4CA0-AC9A-B285CB17E02E}.Release|Any CPU.ActiveCfg = Release|Any CPU
		{B1C0EDA8-11BF-4CA0-AC9A-B285CB17E02E}.Release|Any CPU.Build.0 = Release|Any CPU
		{B1C0EDA8-11BF-4CA0-AC9A-B285CB17E02E}.VisualTests|Any CPU.ActiveCfg = Debug|Any CPU
		{B1C0EDA8-11BF-4CA0-AC9A-B285CB17E02E}.VisualTests|Any CPU.Build.0 = Debug|Any CPU
		{D6A862DD-0B02-4D95-BA3D-482474131FFE}.Debug|Any CPU.ActiveCfg = Debug|Any CPU
		{D6A862DD-0B02-4D95-BA3D-482474131FFE}.Debug|Any CPU.Build.0 = Debug|Any CPU
		{D6A862DD-0B02-4D95-BA3D-482474131FFE}.Release|Any CPU.ActiveCfg = Release|Any CPU
		{D6A862DD-0B02-4D95-BA3D-482474131FFE}.Release|Any CPU.Build.0 = Release|Any CPU
		{D6A862DD-0B02-4D95-BA3D-482474131FFE}.VisualTests|Any CPU.ActiveCfg = Debug|Any CPU
		{D6A862DD-0B02-4D95-BA3D-482474131FFE}.VisualTests|Any CPU.Build.0 = Debug|Any CPU
		{F1A6967F-BC49-48C2-ACA0-C5F6FFE94C40}.Debug|Any CPU.ActiveCfg = Debug|Any CPU
		{F1A6967F-BC49-48C2-ACA0-C5F6FFE94C40}.Debug|Any CPU.Build.0 = Debug|Any CPU
		{F1A6967F-BC49-48C2-ACA0-C5F6FFE94C40}.Release|Any CPU.ActiveCfg = Release|Any CPU
		{F1A6967F-BC49-48C2-ACA0-C5F6FFE94C40}.Release|Any CPU.Build.0 = Release|Any CPU
		{F1A6967F-BC49-48C2-ACA0-C5F6FFE94C40}.VisualTests|Any CPU.ActiveCfg = Debug|Any CPU
		{F1A6967F-BC49-48C2-ACA0-C5F6FFE94C40}.VisualTests|Any CPU.Build.0 = Debug|Any CPU
		{3F8073B7-04A5-4F0A-AB13-4DF1EFB1268C}.Debug|Any CPU.ActiveCfg = Debug|Any CPU
		{3F8073B7-04A5-4F0A-AB13-4DF1EFB1268C}.Debug|Any CPU.Build.0 = Debug|Any CPU
		{3F8073B7-04A5-4F0A-AB13-4DF1EFB1268C}.Release|Any CPU.ActiveCfg = Release|Any CPU
		{3F8073B7-04A5-4F0A-AB13-4DF1EFB1268C}.Release|Any CPU.Build.0 = Release|Any CPU
		{3F8073B7-04A5-4F0A-AB13-4DF1EFB1268C}.VisualTests|Any CPU.ActiveCfg = Debug|Any CPU
		{3F8073B7-04A5-4F0A-AB13-4DF1EFB1268C}.VisualTests|Any CPU.Build.0 = Debug|Any CPU
		{97D54FA8-F3CA-4031-B45C-4E839F9FA306}.Debug|Any CPU.ActiveCfg = Debug|Any CPU
		{97D54FA8-F3CA-4031-B45C-4E839F9FA306}.Debug|Any CPU.Build.0 = Debug|Any CPU
		{97D54FA8-F3CA-4031-B45C-4E839F9FA306}.Release|Any CPU.ActiveCfg = Release|Any CPU
		{97D54FA8-F3CA-4031-B45C-4E839F9FA306}.Release|Any CPU.Build.0 = Release|Any CPU
		{97D54FA8-F3CA-4031-B45C-4E839F9FA306}.VisualTests|Any CPU.ActiveCfg = Release|Any CPU
		{97D54FA8-F3CA-4031-B45C-4E839F9FA306}.VisualTests|Any CPU.Build.0 = Release|Any CPU
		{FD0EBE1C-0BC0-4C55-92A3-C484B6C9A6CA}.Debug|Any CPU.ActiveCfg = Debug|Any CPU
		{FD0EBE1C-0BC0-4C55-92A3-C484B6C9A6CA}.Debug|Any CPU.Build.0 = Debug|Any CPU
		{FD0EBE1C-0BC0-4C55-92A3-C484B6C9A6CA}.Release|Any CPU.ActiveCfg = Release|Any CPU
		{FD0EBE1C-0BC0-4C55-92A3-C484B6C9A6CA}.Release|Any CPU.Build.0 = Release|Any CPU
		{FD0EBE1C-0BC0-4C55-92A3-C484B6C9A6CA}.VisualTests|Any CPU.ActiveCfg = Release|Any CPU
		{FD0EBE1C-0BC0-4C55-92A3-C484B6C9A6CA}.VisualTests|Any CPU.Build.0 = Release|Any CPU
		{D85EB20B-9298-43E9-B1C7-320EC0F7CE2C}.Debug|Any CPU.ActiveCfg = Debug|Any CPU
		{D85EB20B-9298-43E9-B1C7-320EC0F7CE2C}.Debug|Any CPU.Build.0 = Debug|Any CPU
		{D85EB20B-9298-43E9-B1C7-320EC0F7CE2C}.Release|Any CPU.ActiveCfg = Release|Any CPU
		{D85EB20B-9298-43E9-B1C7-320EC0F7CE2C}.Release|Any CPU.Build.0 = Release|Any CPU
		{D85EB20B-9298-43E9-B1C7-320EC0F7CE2C}.VisualTests|Any CPU.ActiveCfg = Debug|Any CPU
		{D85EB20B-9298-43E9-B1C7-320EC0F7CE2C}.VisualTests|Any CPU.Build.0 = Debug|Any CPU
		{D9A367C9-4C1A-489F-9B05-A0CEA2B53B58}.Debug|Any CPU.ActiveCfg = Debug|Any CPU
		{D9A367C9-4C1A-489F-9B05-A0CEA2B53B58}.Debug|Any CPU.Build.0 = Debug|Any CPU
		{D9A367C9-4C1A-489F-9B05-A0CEA2B53B58}.Release|Any CPU.ActiveCfg = Release|Any CPU
		{D9A367C9-4C1A-489F-9B05-A0CEA2B53B58}.Release|Any CPU.Build.0 = Release|Any CPU
		{D9A367C9-4C1A-489F-9B05-A0CEA2B53B58}.VisualTests|Any CPU.ActiveCfg = Release|Any CPU
		{D9A367C9-4C1A-489F-9B05-A0CEA2B53B58}.VisualTests|Any CPU.Build.0 = Release|Any CPU
		{C92A607B-1FDD-4954-9F92-03FF547D9080}.Debug|Any CPU.ActiveCfg = Debug|Any CPU
		{C92A607B-1FDD-4954-9F92-03FF547D9080}.Debug|Any CPU.Build.0 = Debug|Any CPU
		{C92A607B-1FDD-4954-9F92-03FF547D9080}.Release|Any CPU.ActiveCfg = Release|Any CPU
		{C92A607B-1FDD-4954-9F92-03FF547D9080}.Release|Any CPU.Build.0 = Release|Any CPU
		{C92A607B-1FDD-4954-9F92-03FF547D9080}.VisualTests|Any CPU.ActiveCfg = Release|Any CPU
		{C92A607B-1FDD-4954-9F92-03FF547D9080}.VisualTests|Any CPU.Build.0 = Release|Any CPU
		{58F6C80C-1253-4A0E-A465-B8C85EBEADF3}.Debug|Any CPU.ActiveCfg = Debug|Any CPU
		{58F6C80C-1253-4A0E-A465-B8C85EBEADF3}.Debug|Any CPU.Build.0 = Debug|Any CPU
		{58F6C80C-1253-4A0E-A465-B8C85EBEADF3}.Release|Any CPU.ActiveCfg = Release|Any CPU
		{58F6C80C-1253-4A0E-A465-B8C85EBEADF3}.Release|Any CPU.Build.0 = Release|Any CPU
		{58F6C80C-1253-4A0E-A465-B8C85EBEADF3}.VisualTests|Any CPU.ActiveCfg = Release|Any CPU
		{58F6C80C-1253-4A0E-A465-B8C85EBEADF3}.VisualTests|Any CPU.Build.0 = Release|Any CPU
		{F167E17A-7DE6-4AF5-B920-A5112296C695}.Debug|Any CPU.ActiveCfg = Debug|Any CPU
		{F167E17A-7DE6-4AF5-B920-A5112296C695}.Debug|Any CPU.Build.0 = Debug|Any CPU
		{F167E17A-7DE6-4AF5-B920-A5112296C695}.Release|Any CPU.ActiveCfg = Release|Any CPU
		{F167E17A-7DE6-4AF5-B920-A5112296C695}.Release|Any CPU.Build.0 = Release|Any CPU
		{F167E17A-7DE6-4AF5-B920-A5112296C695}.VisualTests|Any CPU.ActiveCfg = Release|Any CPU
		{F167E17A-7DE6-4AF5-B920-A5112296C695}.VisualTests|Any CPU.Build.0 = Release|Any CPU
		{48F4582B-7687-4621-9CBE-5C24197CB536}.Debug|Any CPU.ActiveCfg = Debug|Any CPU
		{48F4582B-7687-4621-9CBE-5C24197CB536}.Debug|Any CPU.Build.0 = Debug|Any CPU
		{48F4582B-7687-4621-9CBE-5C24197CB536}.Release|Any CPU.ActiveCfg = Release|Any CPU
		{48F4582B-7687-4621-9CBE-5C24197CB536}.Release|Any CPU.Build.0 = Release|Any CPU
		{48F4582B-7687-4621-9CBE-5C24197CB536}.VisualTests|Any CPU.ActiveCfg = Release|Any CPU
		{48F4582B-7687-4621-9CBE-5C24197CB536}.VisualTests|Any CPU.Build.0 = Release|Any CPU
		{54377672-20B1-40AF-8087-5CF73BF3953A}.Debug|Any CPU.ActiveCfg = Debug|Any CPU
		{54377672-20B1-40AF-8087-5CF73BF3953A}.Debug|Any CPU.Build.0 = Debug|Any CPU
		{54377672-20B1-40AF-8087-5CF73BF3953A}.Release|Any CPU.ActiveCfg = Release|Any CPU
		{54377672-20B1-40AF-8087-5CF73BF3953A}.Release|Any CPU.Build.0 = Release|Any CPU
		{54377672-20B1-40AF-8087-5CF73BF3953A}.VisualTests|Any CPU.ActiveCfg = Release|Any CPU
		{54377672-20B1-40AF-8087-5CF73BF3953A}.VisualTests|Any CPU.Build.0 = Release|Any CPU
		{419659FD-72EA-4678-9EB8-B22A746CED70}.Debug|Any CPU.ActiveCfg = Debug|Any CPU
		{419659FD-72EA-4678-9EB8-B22A746CED70}.Debug|Any CPU.Build.0 = Debug|Any CPU
		{419659FD-72EA-4678-9EB8-B22A746CED70}.Release|Any CPU.ActiveCfg = Release|Any CPU
		{419659FD-72EA-4678-9EB8-B22A746CED70}.Release|Any CPU.Build.0 = Release|Any CPU
		{419659FD-72EA-4678-9EB8-B22A746CED70}.VisualTests|Any CPU.ActiveCfg = Release|Any CPU
		{419659FD-72EA-4678-9EB8-B22A746CED70}.VisualTests|Any CPU.Build.0 = Release|Any CPU
		{3AD63355-D6B1-4365-8D31-5652C989BEF1}.Debug|Any CPU.ActiveCfg = Debug|Any CPU
		{3AD63355-D6B1-4365-8D31-5652C989BEF1}.Debug|Any CPU.Build.0 = Debug|Any CPU
		{3AD63355-D6B1-4365-8D31-5652C989BEF1}.Release|Any CPU.ActiveCfg = Release|Any CPU
		{3AD63355-D6B1-4365-8D31-5652C989BEF1}.Release|Any CPU.Build.0 = Release|Any CPU
		{3AD63355-D6B1-4365-8D31-5652C989BEF1}.VisualTests|Any CPU.ActiveCfg = Release|Any CPU
		{3AD63355-D6B1-4365-8D31-5652C989BEF1}.VisualTests|Any CPU.Build.0 = Release|Any CPU
		{7E9E9C34-B204-406B-82E2-E01E900699CD}.Debug|Any CPU.ActiveCfg = Debug|Any CPU
		{7E9E9C34-B204-406B-82E2-E01E900699CD}.Debug|Any CPU.Build.0 = Debug|Any CPU
		{7E9E9C34-B204-406B-82E2-E01E900699CD}.Release|Any CPU.ActiveCfg = Release|Any CPU
		{7E9E9C34-B204-406B-82E2-E01E900699CD}.Release|Any CPU.Build.0 = Release|Any CPU
		{7E9E9C34-B204-406B-82E2-E01E900699CD}.VisualTests|Any CPU.ActiveCfg = Release|Any CPU
		{7E9E9C34-B204-406B-82E2-E01E900699CD}.VisualTests|Any CPU.Build.0 = Release|Any CPU
		{B698561F-FB28-46B1-857E-3CA7B92F9D70}.Debug|Any CPU.ActiveCfg = Debug|Any CPU
		{B698561F-FB28-46B1-857E-3CA7B92F9D70}.Debug|Any CPU.Build.0 = Debug|Any CPU
		{B698561F-FB28-46B1-857E-3CA7B92F9D70}.Release|Any CPU.ActiveCfg = Release|Any CPU
		{B698561F-FB28-46B1-857E-3CA7B92F9D70}.Release|Any CPU.Build.0 = Release|Any CPU
		{B698561F-FB28-46B1-857E-3CA7B92F9D70}.VisualTests|Any CPU.ActiveCfg = Release|Any CPU
		{B698561F-FB28-46B1-857E-3CA7B92F9D70}.VisualTests|Any CPU.Build.0 = Release|Any CPU
		{6A2D5D58-0261-4A75-BE84-2BE8B076B7C2}.Debug|Any CPU.ActiveCfg = Debug|Any CPU
		{6A2D5D58-0261-4A75-BE84-2BE8B076B7C2}.Debug|Any CPU.Build.0 = Debug|Any CPU
		{6A2D5D58-0261-4A75-BE84-2BE8B076B7C2}.Release|Any CPU.ActiveCfg = Release|Any CPU
		{6A2D5D58-0261-4A75-BE84-2BE8B076B7C2}.Release|Any CPU.Build.0 = Release|Any CPU
		{6A2D5D58-0261-4A75-BE84-2BE8B076B7C2}.VisualTests|Any CPU.ActiveCfg = Release|Any CPU
		{6A2D5D58-0261-4A75-BE84-2BE8B076B7C2}.VisualTests|Any CPU.Build.0 = Release|Any CPU
		{C884E8B3-D8BE-44A3-86AF-A2D941C53D6F}.Debug|Any CPU.ActiveCfg = Debug|Any CPU
		{C884E8B3-D8BE-44A3-86AF-A2D941C53D6F}.Debug|Any CPU.Build.0 = Debug|Any CPU
		{C884E8B3-D8BE-44A3-86AF-A2D941C53D6F}.Release|Any CPU.ActiveCfg = Release|Any CPU
		{C884E8B3-D8BE-44A3-86AF-A2D941C53D6F}.Release|Any CPU.Build.0 = Release|Any CPU
		{C884E8B3-D8BE-44A3-86AF-A2D941C53D6F}.VisualTests|Any CPU.ActiveCfg = Release|Any CPU
		{C884E8B3-D8BE-44A3-86AF-A2D941C53D6F}.VisualTests|Any CPU.Build.0 = Release|Any CPU
		{E43A675F-73C1-4AB8-B902-79918F0A63C8}.Debug|Any CPU.ActiveCfg = Debug|Any CPU
		{E43A675F-73C1-4AB8-B902-79918F0A63C8}.Debug|Any CPU.Build.0 = Debug|Any CPU
		{E43A675F-73C1-4AB8-B902-79918F0A63C8}.Release|Any CPU.ActiveCfg = Release|Any CPU
		{E43A675F-73C1-4AB8-B902-79918F0A63C8}.Release|Any CPU.Build.0 = Release|Any CPU
		{E43A675F-73C1-4AB8-B902-79918F0A63C8}.VisualTests|Any CPU.ActiveCfg = Release|Any CPU
		{E43A675F-73C1-4AB8-B902-79918F0A63C8}.VisualTests|Any CPU.Build.0 = Release|Any CPU
		{0895C4F9-68CC-4A00-BF2A-CB05A8BB0628}.Debug|Any CPU.ActiveCfg = Debug|Any CPU
		{0895C4F9-68CC-4A00-BF2A-CB05A8BB0628}.Debug|Any CPU.Build.0 = Debug|Any CPU
		{0895C4F9-68CC-4A00-BF2A-CB05A8BB0628}.Release|Any CPU.ActiveCfg = Release|Any CPU
		{0895C4F9-68CC-4A00-BF2A-CB05A8BB0628}.Release|Any CPU.Build.0 = Release|Any CPU
		{0895C4F9-68CC-4A00-BF2A-CB05A8BB0628}.VisualTests|Any CPU.ActiveCfg = Release|Any CPU
		{0895C4F9-68CC-4A00-BF2A-CB05A8BB0628}.VisualTests|Any CPU.Build.0 = Release|Any CPU
		{ACC9F5F8-E93B-46FF-904D-372C4B60E0D1}.Debug|Any CPU.ActiveCfg = Debug|Any CPU
		{ACC9F5F8-E93B-46FF-904D-372C4B60E0D1}.Debug|Any CPU.Build.0 = Debug|Any CPU
		{ACC9F5F8-E93B-46FF-904D-372C4B60E0D1}.Release|Any CPU.ActiveCfg = Release|Any CPU
		{ACC9F5F8-E93B-46FF-904D-372C4B60E0D1}.Release|Any CPU.Build.0 = Release|Any CPU
		{ACC9F5F8-E93B-46FF-904D-372C4B60E0D1}.VisualTests|Any CPU.ActiveCfg = Release|Any CPU
		{ACC9F5F8-E93B-46FF-904D-372C4B60E0D1}.VisualTests|Any CPU.Build.0 = Release|Any CPU
		{48F10C1E-AB8E-4DFC-8F0A-0D24B0A39D5E}.Debug|Any CPU.ActiveCfg = Debug|Any CPU
		{48F10C1E-AB8E-4DFC-8F0A-0D24B0A39D5E}.Debug|Any CPU.Build.0 = Debug|Any CPU
		{48F10C1E-AB8E-4DFC-8F0A-0D24B0A39D5E}.Release|Any CPU.ActiveCfg = Release|Any CPU
		{48F10C1E-AB8E-4DFC-8F0A-0D24B0A39D5E}.Release|Any CPU.Build.0 = Release|Any CPU
		{48F10C1E-AB8E-4DFC-8F0A-0D24B0A39D5E}.VisualTests|Any CPU.ActiveCfg = Release|Any CPU
		{48F10C1E-AB8E-4DFC-8F0A-0D24B0A39D5E}.VisualTests|Any CPU.Build.0 = Release|Any CPU
		{F816F27D-B158-48A1-87C7-4614E823F3FC}.Debug|Any CPU.ActiveCfg = Debug|Any CPU
		{F816F27D-B158-48A1-87C7-4614E823F3FC}.Debug|Any CPU.Build.0 = Debug|Any CPU
		{F816F27D-B158-48A1-87C7-4614E823F3FC}.Release|Any CPU.ActiveCfg = Release|Any CPU
		{F816F27D-B158-48A1-87C7-4614E823F3FC}.Release|Any CPU.Build.0 = Release|Any CPU
		{F816F27D-B158-48A1-87C7-4614E823F3FC}.VisualTests|Any CPU.ActiveCfg = Release|Any CPU
		{F816F27D-B158-48A1-87C7-4614E823F3FC}.VisualTests|Any CPU.Build.0 = Release|Any CPU
		{3FF13276-85FB-4545-8453-C91786963D3A}.Debug|Any CPU.ActiveCfg = Debug|Any CPU
		{3FF13276-85FB-4545-8453-C91786963D3A}.Debug|Any CPU.Build.0 = Debug|Any CPU
		{3FF13276-85FB-4545-8453-C91786963D3A}.Release|Any CPU.ActiveCfg = Release|Any CPU
		{3FF13276-85FB-4545-8453-C91786963D3A}.Release|Any CPU.Build.0 = Release|Any CPU
		{3FF13276-85FB-4545-8453-C91786963D3A}.VisualTests|Any CPU.ActiveCfg = Release|Any CPU
		{3FF13276-85FB-4545-8453-C91786963D3A}.VisualTests|Any CPU.Build.0 = Release|Any CPU
		{1581B20E-5C35-404D-8435-54AB2AF5D500}.Debug|Any CPU.ActiveCfg = Debug|Any CPU
		{1581B20E-5C35-404D-8435-54AB2AF5D500}.Debug|Any CPU.Build.0 = Debug|Any CPU
		{1581B20E-5C35-404D-8435-54AB2AF5D500}.Release|Any CPU.ActiveCfg = Release|Any CPU
		{1581B20E-5C35-404D-8435-54AB2AF5D500}.Release|Any CPU.Build.0 = Release|Any CPU
		{1581B20E-5C35-404D-8435-54AB2AF5D500}.VisualTests|Any CPU.ActiveCfg = Release|Any CPU
		{1581B20E-5C35-404D-8435-54AB2AF5D500}.VisualTests|Any CPU.Build.0 = Release|Any CPU
		{756FF62D-813A-4DF0-B8B8-08F3D119B8FC}.Debug|Any CPU.ActiveCfg = Debug|Any CPU
		{756FF62D-813A-4DF0-B8B8-08F3D119B8FC}.Debug|Any CPU.Build.0 = Debug|Any CPU
		{756FF62D-813A-4DF0-B8B8-08F3D119B8FC}.Release|Any CPU.ActiveCfg = Release|Any CPU
		{756FF62D-813A-4DF0-B8B8-08F3D119B8FC}.Release|Any CPU.Build.0 = Release|Any CPU
		{756FF62D-813A-4DF0-B8B8-08F3D119B8FC}.VisualTests|Any CPU.ActiveCfg = Release|Any CPU
		{756FF62D-813A-4DF0-B8B8-08F3D119B8FC}.VisualTests|Any CPU.Build.0 = Release|Any CPU
	EndGlobalSection
	GlobalSection(SolutionProperties) = preSolution
		HideSolutionNode = FALSE
	EndGlobalSection
	GlobalSection(NestedProjects) = preSolution
		{E7393D46-180C-4850-9221-EA7070644CCC} = {F8DA06CB-5742-4CA3-8414-0ED4A72A9998}
		{2A66DD92-ADB1-4994-89E2-C94E04ACDA0D} = {F8DA06CB-5742-4CA3-8414-0ED4A72A9998}
		{B1C0EDA8-11BF-4CA0-AC9A-B285CB17E02E} = {F8DA06CB-5742-4CA3-8414-0ED4A72A9998}
		{F8DA06CB-5742-4CA3-8414-0ED4A72A9998} = {DFD2B334-EC58-41F3-A026-0323D73B22F5}
		{D6A862DD-0B02-4D95-BA3D-482474131FFE} = {DFD2B334-EC58-41F3-A026-0323D73B22F5}
		{F1A6967F-BC49-48C2-ACA0-C5F6FFE94C40} = {DFD2B334-EC58-41F3-A026-0323D73B22F5}
		{3F8073B7-04A5-4F0A-AB13-4DF1EFB1268C} = {DFD2B334-EC58-41F3-A026-0323D73B22F5}
		{97D54FA8-F3CA-4031-B45C-4E839F9FA306} = {DFD2B334-EC58-41F3-A026-0323D73B22F5}
		{FD0EBE1C-0BC0-4C55-92A3-C484B6C9A6CA} = {DFD2B334-EC58-41F3-A026-0323D73B22F5}
		{D85EB20B-9298-43E9-B1C7-320EC0F7CE2C} = {E6C94AE6-539A-406A-B395-626DC6E23AA4}
		{D9A367C9-4C1A-489F-9B05-A0CEA2B53B58} = {E6C94AE6-539A-406A-B395-626DC6E23AA4}
		{C92A607B-1FDD-4954-9F92-03FF547D9080} = {5581B540-69E1-47AB-B12C-8CDC33FF038D}
		{58F6C80C-1253-4A0E-A465-B8C85EBEADF3} = {5581B540-69E1-47AB-B12C-8CDC33FF038D}
		{F167E17A-7DE6-4AF5-B920-A5112296C695} = {5581B540-69E1-47AB-B12C-8CDC33FF038D}
		{48F4582B-7687-4621-9CBE-5C24197CB536} = {5581B540-69E1-47AB-B12C-8CDC33FF038D}
		{54377672-20B1-40AF-8087-5CF73BF3953A} = {E6C94AE6-539A-406A-B395-626DC6E23AA4}
		{419659FD-72EA-4678-9EB8-B22A746CED70} = {E6C94AE6-539A-406A-B395-626DC6E23AA4}
		{3AD63355-D6B1-4365-8D31-5652C989BEF1} = {647429BB-8759-451E-BA96-300F41554B2C}
		{7E9E9C34-B204-406B-82E2-E01E900699CD} = {647429BB-8759-451E-BA96-300F41554B2C}
		{B698561F-FB28-46B1-857E-3CA7B92F9D70} = {647429BB-8759-451E-BA96-300F41554B2C}
		{6A2D5D58-0261-4A75-BE84-2BE8B076B7C2} = {647429BB-8759-451E-BA96-300F41554B2C}
		{C3F7E057-DE37-418D-8504-A518838731D2} = {E6C94AE6-539A-406A-B395-626DC6E23AA4}
		{8F8B94C1-05A4-4363-82EA-70F45EA25734} = {E6C94AE6-539A-406A-B395-626DC6E23AA4}
		{062A4E9D-E5BC-4232-94F1-0161692203B6} = {C3F7E057-DE37-418D-8504-A518838731D2}
		{5581B540-69E1-47AB-B12C-8CDC33FF038D} = {E6C94AE6-539A-406A-B395-626DC6E23AA4}
		{647429BB-8759-451E-BA96-300F41554B2C} = {5581B540-69E1-47AB-B12C-8CDC33FF038D}
		{C884E8B3-D8BE-44A3-86AF-A2D941C53D6F} = {C3F7E057-DE37-418D-8504-A518838731D2}
		{E43A675F-73C1-4AB8-B902-79918F0A63C8} = {8F8B94C1-05A4-4363-82EA-70F45EA25734}
		{0895C4F9-68CC-4A00-BF2A-CB05A8BB0628} = {8F8B94C1-05A4-4363-82EA-70F45EA25734}
		{ACC9F5F8-E93B-46FF-904D-372C4B60E0D1} = {8F8B94C1-05A4-4363-82EA-70F45EA25734}
		{48F10C1E-AB8E-4DFC-8F0A-0D24B0A39D5E} = {8F8B94C1-05A4-4363-82EA-70F45EA25734}
		{F816F27D-B158-48A1-87C7-4614E823F3FC} = {8F8B94C1-05A4-4363-82EA-70F45EA25734}
		{3FF13276-85FB-4545-8453-C91786963D3A} = {5581B540-69E1-47AB-B12C-8CDC33FF038D}
		{1581B20E-5C35-404D-8435-54AB2AF5D500} = {5581B540-69E1-47AB-B12C-8CDC33FF038D}
		{756FF62D-813A-4DF0-B8B8-08F3D119B8FC} = {8F8B94C1-05A4-4363-82EA-70F45EA25734}
	EndGlobalSection
	GlobalSection(ExtensibilityGlobals) = postSolution
		SolutionGuid = {671B0BEC-2403-45B0-9357-2C97CC517668}
	EndGlobalSection
	GlobalSection(MonoDevelopProperties) = preSolution
		Policies = $0
		$0.TextStylePolicy = $1
		$1.EolMarker = Windows
		$1.inheritsSet = VisualStudio
		$1.inheritsScope = text/plain
		$1.scope = text/x-csharp
		$0.CSharpFormattingPolicy = $2
		$2.IndentSwitchSection = True
		$2.NewLinesForBracesInProperties = True
		$2.NewLinesForBracesInAccessors = True
		$2.NewLinesForBracesInAnonymousMethods = True
		$2.NewLinesForBracesInControlBlocks = True
		$2.NewLinesForBracesInAnonymousTypes = True
		$2.NewLinesForBracesInObjectCollectionArrayInitializers = True
		$2.NewLinesForBracesInLambdaExpressionBody = True
		$2.NewLineForElse = True
		$2.NewLineForCatch = True
		$2.NewLineForFinally = True
		$2.NewLineForMembersInObjectInit = True
		$2.NewLineForMembersInAnonymousTypes = True
		$2.NewLineForClausesInQuery = True
		$2.SpacingAfterMethodDeclarationName = False
		$2.SpaceAfterMethodCallName = False
		$2.SpaceBeforeOpenSquareBracket = False
		$2.inheritsSet = Mono
		$2.inheritsScope = text/x-csharp
		$2.scope = text/x-csharp
	EndGlobalSection
	GlobalSection(MonoDevelopProperties) = preSolution
		Policies = $0
		$0.TextStylePolicy = $1
		$1.EolMarker = Windows
		$1.inheritsSet = VisualStudio
		$1.inheritsScope = text/plain
		$1.scope = text/x-csharp
		$0.CSharpFormattingPolicy = $2
		$2.IndentSwitchSection = True
		$2.NewLinesForBracesInProperties = True
		$2.NewLinesForBracesInAccessors = True
		$2.NewLinesForBracesInAnonymousMethods = True
		$2.NewLinesForBracesInControlBlocks = True
		$2.NewLinesForBracesInAnonymousTypes = True
		$2.NewLinesForBracesInObjectCollectionArrayInitializers = True
		$2.NewLinesForBracesInLambdaExpressionBody = True
		$2.NewLineForElse = True
		$2.NewLineForCatch = True
		$2.NewLineForFinally = True
		$2.NewLineForMembersInObjectInit = True
		$2.NewLineForMembersInAnonymousTypes = True
		$2.NewLineForClausesInQuery = True
		$2.SpacingAfterMethodDeclarationName = False
		$2.SpaceAfterMethodCallName = False
		$2.SpaceBeforeOpenSquareBracket = False
		$2.inheritsSet = Mono
		$2.inheritsScope = text/x-csharp
		$2.scope = text/x-csharp
	EndGlobalSection
	GlobalSection(MonoDevelopProperties) = preSolution
		Policies = $0
		$0.TextStylePolicy = $1
		$1.EolMarker = Windows
		$1.inheritsSet = VisualStudio
		$1.inheritsScope = text/plain
		$1.scope = text/x-csharp
		$0.CSharpFormattingPolicy = $2
		$2.IndentSwitchSection = True
		$2.NewLinesForBracesInProperties = True
		$2.NewLinesForBracesInAccessors = True
		$2.NewLinesForBracesInAnonymousMethods = True
		$2.NewLinesForBracesInControlBlocks = True
		$2.NewLinesForBracesInAnonymousTypes = True
		$2.NewLinesForBracesInObjectCollectionArrayInitializers = True
		$2.NewLinesForBracesInLambdaExpressionBody = True
		$2.NewLineForElse = True
		$2.NewLineForCatch = True
		$2.NewLineForFinally = True
		$2.NewLineForMembersInObjectInit = True
		$2.NewLineForMembersInAnonymousTypes = True
		$2.NewLineForClausesInQuery = True
		$2.SpacingAfterMethodDeclarationName = False
		$2.SpaceAfterMethodCallName = False
		$2.SpaceBeforeOpenSquareBracket = False
		$2.inheritsSet = Mono
		$2.inheritsScope = text/x-csharp
		$2.scope = text/x-csharp
	EndGlobalSection
	GlobalSection(MonoDevelopProperties) = preSolution
		Policies = $0
		$0.TextStylePolicy = $1
		$1.EolMarker = Windows
		$1.inheritsSet = VisualStudio
		$1.inheritsScope = text/plain
		$1.scope = text/x-csharp
		$0.CSharpFormattingPolicy = $2
		$2.IndentSwitchSection = True
		$2.NewLinesForBracesInProperties = True
		$2.NewLinesForBracesInAccessors = True
		$2.NewLinesForBracesInAnonymousMethods = True
		$2.NewLinesForBracesInControlBlocks = True
		$2.NewLinesForBracesInAnonymousTypes = True
		$2.NewLinesForBracesInObjectCollectionArrayInitializers = True
		$2.NewLinesForBracesInLambdaExpressionBody = True
		$2.NewLineForElse = True
		$2.NewLineForCatch = True
		$2.NewLineForFinally = True
		$2.NewLineForMembersInObjectInit = True
		$2.NewLineForMembersInAnonymousTypes = True
		$2.NewLineForClausesInQuery = True
		$2.SpacingAfterMethodDeclarationName = False
		$2.SpaceAfterMethodCallName = False
		$2.SpaceBeforeOpenSquareBracket = False
		$2.inheritsSet = Mono
		$2.inheritsScope = text/x-csharp
		$2.scope = text/x-csharp
	EndGlobalSection
	GlobalSection(MonoDevelopProperties) = preSolution
		Policies = $0
		$0.TextStylePolicy = $1
		$1.EolMarker = Windows
		$1.inheritsSet = VisualStudio
		$1.inheritsScope = text/plain
		$1.scope = text/x-csharp
		$0.CSharpFormattingPolicy = $2
		$2.IndentSwitchSection = True
		$2.NewLinesForBracesInProperties = True
		$2.NewLinesForBracesInAccessors = True
		$2.NewLinesForBracesInAnonymousMethods = True
		$2.NewLinesForBracesInControlBlocks = True
		$2.NewLinesForBracesInAnonymousTypes = True
		$2.NewLinesForBracesInObjectCollectionArrayInitializers = True
		$2.NewLinesForBracesInLambdaExpressionBody = True
		$2.NewLineForElse = True
		$2.NewLineForCatch = True
		$2.NewLineForFinally = True
		$2.NewLineForMembersInObjectInit = True
		$2.NewLineForMembersInAnonymousTypes = True
		$2.NewLineForClausesInQuery = True
		$2.SpacingAfterMethodDeclarationName = False
		$2.SpaceAfterMethodCallName = False
		$2.SpaceBeforeOpenSquareBracket = False
		$2.inheritsSet = Mono
		$2.inheritsScope = text/x-csharp
		$2.scope = text/x-csharp
	EndGlobalSection
	GlobalSection(MonoDevelopProperties) = preSolution
		Policies = $0
		$0.TextStylePolicy = $1
		$1.EolMarker = Windows
		$1.inheritsSet = VisualStudio
		$1.inheritsScope = text/plain
		$1.scope = text/x-csharp
		$0.CSharpFormattingPolicy = $2
		$2.IndentSwitchSection = True
		$2.NewLinesForBracesInProperties = True
		$2.NewLinesForBracesInAccessors = True
		$2.NewLinesForBracesInAnonymousMethods = True
		$2.NewLinesForBracesInControlBlocks = True
		$2.NewLinesForBracesInAnonymousTypes = True
		$2.NewLinesForBracesInObjectCollectionArrayInitializers = True
		$2.NewLinesForBracesInLambdaExpressionBody = True
		$2.NewLineForElse = True
		$2.NewLineForCatch = True
		$2.NewLineForFinally = True
		$2.NewLineForMembersInObjectInit = True
		$2.NewLineForMembersInAnonymousTypes = True
		$2.NewLineForClausesInQuery = True
		$2.SpacingAfterMethodDeclarationName = False
		$2.SpaceAfterMethodCallName = False
		$2.SpaceBeforeOpenSquareBracket = False
		$2.inheritsSet = Mono
		$2.inheritsScope = text/x-csharp
		$2.scope = text/x-csharp
	EndGlobalSection
	GlobalSection(MonoDevelopProperties) = preSolution
		Policies = $0
		$0.TextStylePolicy = $1
		$1.EolMarker = Windows
		$1.inheritsSet = VisualStudio
		$1.inheritsScope = text/plain
		$1.scope = text/x-csharp
		$0.CSharpFormattingPolicy = $2
		$2.IndentSwitchSection = True
		$2.NewLinesForBracesInProperties = True
		$2.NewLinesForBracesInAccessors = True
		$2.NewLinesForBracesInAnonymousMethods = True
		$2.NewLinesForBracesInControlBlocks = True
		$2.NewLinesForBracesInAnonymousTypes = True
		$2.NewLinesForBracesInObjectCollectionArrayInitializers = True
		$2.NewLinesForBracesInLambdaExpressionBody = True
		$2.NewLineForElse = True
		$2.NewLineForCatch = True
		$2.NewLineForFinally = True
		$2.NewLineForMembersInObjectInit = True
		$2.NewLineForMembersInAnonymousTypes = True
		$2.NewLineForClausesInQuery = True
		$2.SpacingAfterMethodDeclarationName = False
		$2.SpaceAfterMethodCallName = False
		$2.SpaceBeforeOpenSquareBracket = False
		$2.inheritsSet = Mono
		$2.inheritsScope = text/x-csharp
		$2.scope = text/x-csharp
	EndGlobalSection
	GlobalSection(MonoDevelopProperties) = preSolution
		Policies = $0
		$0.TextStylePolicy = $1
		$1.EolMarker = Windows
		$1.inheritsSet = VisualStudio
		$1.inheritsScope = text/plain
		$1.scope = text/x-csharp
		$0.CSharpFormattingPolicy = $2
		$2.IndentSwitchSection = True
		$2.NewLinesForBracesInProperties = True
		$2.NewLinesForBracesInAccessors = True
		$2.NewLinesForBracesInAnonymousMethods = True
		$2.NewLinesForBracesInControlBlocks = True
		$2.NewLinesForBracesInAnonymousTypes = True
		$2.NewLinesForBracesInObjectCollectionArrayInitializers = True
		$2.NewLinesForBracesInLambdaExpressionBody = True
		$2.NewLineForElse = True
		$2.NewLineForCatch = True
		$2.NewLineForFinally = True
		$2.NewLineForMembersInObjectInit = True
		$2.NewLineForMembersInAnonymousTypes = True
		$2.NewLineForClausesInQuery = True
		$2.SpacingAfterMethodDeclarationName = False
		$2.SpaceAfterMethodCallName = False
		$2.SpaceBeforeOpenSquareBracket = False
		$2.inheritsSet = Mono
		$2.inheritsScope = text/x-csharp
		$2.scope = text/x-csharp
	EndGlobalSection
	GlobalSection(MonoDevelopProperties) = preSolution
		Policies = $0
		$0.TextStylePolicy = $1
		$1.EolMarker = Windows
		$1.inheritsSet = VisualStudio
		$1.inheritsScope = text/plain
		$1.scope = text/x-csharp
		$0.CSharpFormattingPolicy = $2
		$2.IndentSwitchSection = True
		$2.NewLinesForBracesInProperties = True
		$2.NewLinesForBracesInAccessors = True
		$2.NewLinesForBracesInAnonymousMethods = True
		$2.NewLinesForBracesInControlBlocks = True
		$2.NewLinesForBracesInAnonymousTypes = True
		$2.NewLinesForBracesInObjectCollectionArrayInitializers = True
		$2.NewLinesForBracesInLambdaExpressionBody = True
		$2.NewLineForElse = True
		$2.NewLineForCatch = True
		$2.NewLineForFinally = True
		$2.NewLineForMembersInObjectInit = True
		$2.NewLineForMembersInAnonymousTypes = True
		$2.NewLineForClausesInQuery = True
		$2.SpacingAfterMethodDeclarationName = False
		$2.SpaceAfterMethodCallName = False
		$2.SpaceBeforeOpenSquareBracket = False
		$2.inheritsSet = Mono
		$2.inheritsScope = text/x-csharp
		$2.scope = text/x-csharp
	EndGlobalSection
	GlobalSection(MonoDevelopProperties) = preSolution
		Policies = $0
		$0.TextStylePolicy = $1
		$1.EolMarker = Windows
		$1.inheritsSet = VisualStudio
		$1.inheritsScope = text/plain
		$1.scope = text/x-csharp
		$0.CSharpFormattingPolicy = $2
		$2.IndentSwitchSection = True
		$2.NewLinesForBracesInProperties = True
		$2.NewLinesForBracesInAccessors = True
		$2.NewLinesForBracesInAnonymousMethods = True
		$2.NewLinesForBracesInControlBlocks = True
		$2.NewLinesForBracesInAnonymousTypes = True
		$2.NewLinesForBracesInObjectCollectionArrayInitializers = True
		$2.NewLinesForBracesInLambdaExpressionBody = True
		$2.NewLineForElse = True
		$2.NewLineForCatch = True
		$2.NewLineForFinally = True
		$2.NewLineForMembersInObjectInit = True
		$2.NewLineForMembersInAnonymousTypes = True
		$2.NewLineForClausesInQuery = True
		$2.SpacingAfterMethodDeclarationName = False
		$2.SpaceAfterMethodCallName = False
		$2.SpaceBeforeOpenSquareBracket = False
		$2.inheritsSet = Mono
		$2.inheritsScope = text/x-csharp
		$2.scope = text/x-csharp
	EndGlobalSection
	GlobalSection(MonoDevelopProperties) = preSolution
		Policies = $0
		$0.TextStylePolicy = $1
		$1.EolMarker = Windows
		$1.inheritsSet = VisualStudio
		$1.inheritsScope = text/plain
		$1.scope = text/x-csharp
		$0.CSharpFormattingPolicy = $2
		$2.IndentSwitchSection = True
		$2.NewLinesForBracesInProperties = True
		$2.NewLinesForBracesInAccessors = True
		$2.NewLinesForBracesInAnonymousMethods = True
		$2.NewLinesForBracesInControlBlocks = True
		$2.NewLinesForBracesInAnonymousTypes = True
		$2.NewLinesForBracesInObjectCollectionArrayInitializers = True
		$2.NewLinesForBracesInLambdaExpressionBody = True
		$2.NewLineForElse = True
		$2.NewLineForCatch = True
		$2.NewLineForFinally = True
		$2.NewLineForMembersInObjectInit = True
		$2.NewLineForMembersInAnonymousTypes = True
		$2.NewLineForClausesInQuery = True
		$2.SpacingAfterMethodDeclarationName = False
		$2.SpaceAfterMethodCallName = False
		$2.SpaceBeforeOpenSquareBracket = False
		$2.inheritsSet = Mono
		$2.inheritsScope = text/x-csharp
		$2.scope = text/x-csharp
	EndGlobalSection
	GlobalSection(MonoDevelopProperties) = preSolution
		Policies = $0
		$0.TextStylePolicy = $1
		$1.EolMarker = Windows
		$1.inheritsSet = VisualStudio
		$1.inheritsScope = text/plain
		$1.scope = text/x-csharp
		$0.CSharpFormattingPolicy = $2
		$2.IndentSwitchSection = True
		$2.NewLinesForBracesInProperties = True
		$2.NewLinesForBracesInAccessors = True
		$2.NewLinesForBracesInAnonymousMethods = True
		$2.NewLinesForBracesInControlBlocks = True
		$2.NewLinesForBracesInAnonymousTypes = True
		$2.NewLinesForBracesInObjectCollectionArrayInitializers = True
		$2.NewLinesForBracesInLambdaExpressionBody = True
		$2.NewLineForElse = True
		$2.NewLineForCatch = True
		$2.NewLineForFinally = True
		$2.NewLineForMembersInObjectInit = True
		$2.NewLineForMembersInAnonymousTypes = True
		$2.NewLineForClausesInQuery = True
		$2.SpacingAfterMethodDeclarationName = False
		$2.SpaceAfterMethodCallName = False
		$2.SpaceBeforeOpenSquareBracket = False
		$2.inheritsSet = Mono
		$2.inheritsScope = text/x-csharp
		$2.scope = text/x-csharp
	EndGlobalSection
	GlobalSection(MonoDevelopProperties) = preSolution
		Policies = $0
		$0.TextStylePolicy = $1
		$1.EolMarker = Windows
		$1.inheritsSet = VisualStudio
		$1.inheritsScope = text/plain
		$1.scope = text/x-csharp
		$0.CSharpFormattingPolicy = $2
		$2.IndentSwitchSection = True
		$2.NewLinesForBracesInProperties = True
		$2.NewLinesForBracesInAccessors = True
		$2.NewLinesForBracesInAnonymousMethods = True
		$2.NewLinesForBracesInControlBlocks = True
		$2.NewLinesForBracesInAnonymousTypes = True
		$2.NewLinesForBracesInObjectCollectionArrayInitializers = True
		$2.NewLinesForBracesInLambdaExpressionBody = True
		$2.NewLineForElse = True
		$2.NewLineForCatch = True
		$2.NewLineForFinally = True
		$2.NewLineForMembersInObjectInit = True
		$2.NewLineForMembersInAnonymousTypes = True
		$2.NewLineForClausesInQuery = True
		$2.SpacingAfterMethodDeclarationName = False
		$2.SpaceAfterMethodCallName = False
		$2.SpaceBeforeOpenSquareBracket = False
		$2.inheritsSet = Mono
		$2.inheritsScope = text/x-csharp
		$2.scope = text/x-csharp
	EndGlobalSection
	GlobalSection(MonoDevelopProperties) = preSolution
		Policies = $0
		$0.TextStylePolicy = $1
		$1.EolMarker = Windows
		$1.inheritsSet = VisualStudio
		$1.inheritsScope = text/plain
		$1.scope = text/x-csharp
		$0.CSharpFormattingPolicy = $2
		$2.IndentSwitchSection = True
		$2.NewLinesForBracesInProperties = True
		$2.NewLinesForBracesInAccessors = True
		$2.NewLinesForBracesInAnonymousMethods = True
		$2.NewLinesForBracesInControlBlocks = True
		$2.NewLinesForBracesInAnonymousTypes = True
		$2.NewLinesForBracesInObjectCollectionArrayInitializers = True
		$2.NewLinesForBracesInLambdaExpressionBody = True
		$2.NewLineForElse = True
		$2.NewLineForCatch = True
		$2.NewLineForFinally = True
		$2.NewLineForMembersInObjectInit = True
		$2.NewLineForMembersInAnonymousTypes = True
		$2.NewLineForClausesInQuery = True
		$2.SpacingAfterMethodDeclarationName = False
		$2.SpaceAfterMethodCallName = False
		$2.SpaceBeforeOpenSquareBracket = False
		$2.inheritsSet = Mono
		$2.inheritsScope = text/x-csharp
		$2.scope = text/x-csharp
	EndGlobalSection
	GlobalSection(MonoDevelopProperties) = preSolution
		Policies = $0
		$0.TextStylePolicy = $1
		$1.EolMarker = Windows
		$1.inheritsSet = VisualStudio
		$1.inheritsScope = text/plain
		$1.scope = text/x-csharp
		$0.CSharpFormattingPolicy = $2
		$2.IndentSwitchSection = True
		$2.NewLinesForBracesInProperties = True
		$2.NewLinesForBracesInAccessors = True
		$2.NewLinesForBracesInAnonymousMethods = True
		$2.NewLinesForBracesInControlBlocks = True
		$2.NewLinesForBracesInAnonymousTypes = True
		$2.NewLinesForBracesInObjectCollectionArrayInitializers = True
		$2.NewLinesForBracesInLambdaExpressionBody = True
		$2.NewLineForElse = True
		$2.NewLineForCatch = True
		$2.NewLineForFinally = True
		$2.NewLineForMembersInObjectInit = True
		$2.NewLineForMembersInAnonymousTypes = True
		$2.NewLineForClausesInQuery = True
		$2.SpacingAfterMethodDeclarationName = False
		$2.SpaceAfterMethodCallName = False
		$2.SpaceBeforeOpenSquareBracket = False
		$2.inheritsSet = Mono
		$2.inheritsScope = text/x-csharp
		$2.scope = text/x-csharp
	EndGlobalSection
	GlobalSection(MonoDevelopProperties) = preSolution
		Policies = $0
		$0.TextStylePolicy = $1
		$1.EolMarker = Windows
		$1.inheritsSet = VisualStudio
		$1.inheritsScope = text/plain
		$1.scope = text/x-csharp
		$0.CSharpFormattingPolicy = $2
		$2.IndentSwitchSection = True
		$2.NewLinesForBracesInProperties = True
		$2.NewLinesForBracesInAccessors = True
		$2.NewLinesForBracesInAnonymousMethods = True
		$2.NewLinesForBracesInControlBlocks = True
		$2.NewLinesForBracesInAnonymousTypes = True
		$2.NewLinesForBracesInObjectCollectionArrayInitializers = True
		$2.NewLinesForBracesInLambdaExpressionBody = True
		$2.NewLineForElse = True
		$2.NewLineForCatch = True
		$2.NewLineForFinally = True
		$2.NewLineForMembersInObjectInit = True
		$2.NewLineForMembersInAnonymousTypes = True
		$2.NewLineForClausesInQuery = True
		$2.SpacingAfterMethodDeclarationName = False
		$2.SpaceAfterMethodCallName = False
		$2.SpaceBeforeOpenSquareBracket = False
		$2.inheritsSet = Mono
		$2.inheritsScope = text/x-csharp
		$2.scope = text/x-csharp
	EndGlobalSection
	GlobalSection(MonoDevelopProperties) = preSolution
		Policies = $0
		$0.TextStylePolicy = $1
		$1.EolMarker = Windows
		$1.inheritsSet = VisualStudio
		$1.inheritsScope = text/plain
		$1.scope = text/x-csharp
		$0.CSharpFormattingPolicy = $2
		$2.IndentSwitchSection = True
		$2.NewLinesForBracesInProperties = True
		$2.NewLinesForBracesInAccessors = True
		$2.NewLinesForBracesInAnonymousMethods = True
		$2.NewLinesForBracesInControlBlocks = True
		$2.NewLinesForBracesInAnonymousTypes = True
		$2.NewLinesForBracesInObjectCollectionArrayInitializers = True
		$2.NewLinesForBracesInLambdaExpressionBody = True
		$2.NewLineForElse = True
		$2.NewLineForCatch = True
		$2.NewLineForFinally = True
		$2.NewLineForMembersInObjectInit = True
		$2.NewLineForMembersInAnonymousTypes = True
		$2.NewLineForClausesInQuery = True
		$2.SpacingAfterMethodDeclarationName = False
		$2.SpaceAfterMethodCallName = False
		$2.SpaceBeforeOpenSquareBracket = False
		$2.inheritsSet = Mono
		$2.inheritsScope = text/x-csharp
		$2.scope = text/x-csharp
	EndGlobalSection
	GlobalSection(MonoDevelopProperties) = preSolution
		Policies = $0
		$0.TextStylePolicy = $1
		$1.EolMarker = Windows
		$1.inheritsSet = VisualStudio
		$1.inheritsScope = text/plain
		$1.scope = text/x-csharp
		$0.CSharpFormattingPolicy = $2
		$2.IndentSwitchSection = True
		$2.NewLinesForBracesInProperties = True
		$2.NewLinesForBracesInAccessors = True
		$2.NewLinesForBracesInAnonymousMethods = True
		$2.NewLinesForBracesInControlBlocks = True
		$2.NewLinesForBracesInAnonymousTypes = True
		$2.NewLinesForBracesInObjectCollectionArrayInitializers = True
		$2.NewLinesForBracesInLambdaExpressionBody = True
		$2.NewLineForElse = True
		$2.NewLineForCatch = True
		$2.NewLineForFinally = True
		$2.NewLineForMembersInObjectInit = True
		$2.NewLineForMembersInAnonymousTypes = True
		$2.NewLineForClausesInQuery = True
		$2.SpacingAfterMethodDeclarationName = False
		$2.SpaceAfterMethodCallName = False
		$2.SpaceBeforeOpenSquareBracket = False
		$2.inheritsSet = Mono
		$2.inheritsScope = text/x-csharp
		$2.scope = text/x-csharp
	EndGlobalSection
	GlobalSection(MonoDevelopProperties) = preSolution
		Policies = $0
		$0.TextStylePolicy = $1
		$1.EolMarker = Windows
		$1.inheritsSet = VisualStudio
		$1.inheritsScope = text/plain
		$1.scope = text/x-csharp
		$0.CSharpFormattingPolicy = $2
		$2.IndentSwitchSection = True
		$2.NewLinesForBracesInProperties = True
		$2.NewLinesForBracesInAccessors = True
		$2.NewLinesForBracesInAnonymousMethods = True
		$2.NewLinesForBracesInControlBlocks = True
		$2.NewLinesForBracesInAnonymousTypes = True
		$2.NewLinesForBracesInObjectCollectionArrayInitializers = True
		$2.NewLinesForBracesInLambdaExpressionBody = True
		$2.NewLineForElse = True
		$2.NewLineForCatch = True
		$2.NewLineForFinally = True
		$2.NewLineForMembersInObjectInit = True
		$2.NewLineForMembersInAnonymousTypes = True
		$2.NewLineForClausesInQuery = True
		$2.SpacingAfterMethodDeclarationName = False
		$2.SpaceAfterMethodCallName = False
		$2.SpaceBeforeOpenSquareBracket = False
		$2.inheritsSet = Mono
		$2.inheritsScope = text/x-csharp
		$2.scope = text/x-csharp
	EndGlobalSection
	GlobalSection(MonoDevelopProperties) = preSolution
		Policies = $0
		$0.TextStylePolicy = $1
		$1.EolMarker = Windows
		$1.inheritsSet = VisualStudio
		$1.inheritsScope = text/plain
		$1.scope = text/x-csharp
		$0.CSharpFormattingPolicy = $2
		$2.IndentSwitchSection = True
		$2.NewLinesForBracesInProperties = True
		$2.NewLinesForBracesInAccessors = True
		$2.NewLinesForBracesInAnonymousMethods = True
		$2.NewLinesForBracesInControlBlocks = True
		$2.NewLinesForBracesInAnonymousTypes = True
		$2.NewLinesForBracesInObjectCollectionArrayInitializers = True
		$2.NewLinesForBracesInLambdaExpressionBody = True
		$2.NewLineForElse = True
		$2.NewLineForCatch = True
		$2.NewLineForFinally = True
		$2.NewLineForMembersInObjectInit = True
		$2.NewLineForMembersInAnonymousTypes = True
		$2.NewLineForClausesInQuery = True
		$2.SpacingAfterMethodDeclarationName = False
		$2.SpaceAfterMethodCallName = False
		$2.SpaceBeforeOpenSquareBracket = False
		$2.inheritsSet = Mono
		$2.inheritsScope = text/x-csharp
		$2.scope = text/x-csharp
	EndGlobalSection
	GlobalSection(MonoDevelopProperties) = preSolution
		Policies = $0
		$0.TextStylePolicy = $1
		$1.EolMarker = Windows
		$1.inheritsSet = VisualStudio
		$1.inheritsScope = text/plain
		$1.scope = text/x-csharp
		$0.CSharpFormattingPolicy = $2
		$2.IndentSwitchSection = True
		$2.NewLinesForBracesInProperties = True
		$2.NewLinesForBracesInAccessors = True
		$2.NewLinesForBracesInAnonymousMethods = True
		$2.NewLinesForBracesInControlBlocks = True
		$2.NewLinesForBracesInAnonymousTypes = True
		$2.NewLinesForBracesInObjectCollectionArrayInitializers = True
		$2.NewLinesForBracesInLambdaExpressionBody = True
		$2.NewLineForElse = True
		$2.NewLineForCatch = True
		$2.NewLineForFinally = True
		$2.NewLineForMembersInObjectInit = True
		$2.NewLineForMembersInAnonymousTypes = True
		$2.NewLineForClausesInQuery = True
		$2.SpacingAfterMethodDeclarationName = False
		$2.SpaceAfterMethodCallName = False
		$2.SpaceBeforeOpenSquareBracket = False
		$2.inheritsSet = Mono
		$2.inheritsScope = text/x-csharp
		$2.scope = text/x-csharp
	EndGlobalSection
	GlobalSection(MonoDevelopProperties) = preSolution
		Policies = $0
		$0.TextStylePolicy = $1
		$1.EolMarker = Windows
		$1.inheritsSet = VisualStudio
		$1.inheritsScope = text/plain
		$1.scope = text/x-csharp
		$0.CSharpFormattingPolicy = $2
		$2.IndentSwitchSection = True
		$2.NewLinesForBracesInProperties = True
		$2.NewLinesForBracesInAccessors = True
		$2.NewLinesForBracesInAnonymousMethods = True
		$2.NewLinesForBracesInControlBlocks = True
		$2.NewLinesForBracesInAnonymousTypes = True
		$2.NewLinesForBracesInObjectCollectionArrayInitializers = True
		$2.NewLinesForBracesInLambdaExpressionBody = True
		$2.NewLineForElse = True
		$2.NewLineForCatch = True
		$2.NewLineForFinally = True
		$2.NewLineForMembersInObjectInit = True
		$2.NewLineForMembersInAnonymousTypes = True
		$2.NewLineForClausesInQuery = True
		$2.SpacingAfterMethodDeclarationName = False
		$2.SpaceAfterMethodCallName = False
		$2.SpaceBeforeOpenSquareBracket = False
		$2.inheritsSet = Mono
		$2.inheritsScope = text/x-csharp
		$2.scope = text/x-csharp
	EndGlobalSection
	GlobalSection(MonoDevelopProperties) = preSolution
		Policies = $0
		$0.TextStylePolicy = $1
		$1.EolMarker = Windows
		$1.inheritsSet = VisualStudio
		$1.inheritsScope = text/plain
		$1.scope = text/x-csharp
		$0.CSharpFormattingPolicy = $2
		$2.IndentSwitchSection = True
		$2.NewLinesForBracesInProperties = True
		$2.NewLinesForBracesInAccessors = True
		$2.NewLinesForBracesInAnonymousMethods = True
		$2.NewLinesForBracesInControlBlocks = True
		$2.NewLinesForBracesInAnonymousTypes = True
		$2.NewLinesForBracesInObjectCollectionArrayInitializers = True
		$2.NewLinesForBracesInLambdaExpressionBody = True
		$2.NewLineForElse = True
		$2.NewLineForCatch = True
		$2.NewLineForFinally = True
		$2.NewLineForMembersInObjectInit = True
		$2.NewLineForMembersInAnonymousTypes = True
		$2.NewLineForClausesInQuery = True
		$2.SpacingAfterMethodDeclarationName = False
		$2.SpaceAfterMethodCallName = False
		$2.SpaceBeforeOpenSquareBracket = False
		$2.inheritsSet = Mono
		$2.inheritsScope = text/x-csharp
		$2.scope = text/x-csharp
	EndGlobalSection
EndGlobal
